// !$*UTF8*$!
{
	archiveVersion = 1;
	classes = {
	};
	objectVersion = 50;
	objects = {

/* Begin PBXBuildFile section */
		E72E74AD265116DC00F4EC96 /* UT_StlAllocator.cpp in Sources */ = {isa = PBXBuildFile; fileRef = E72E74AC265116DC00F4EC96 /* UT_StlAllocator.cpp */; };
		E72E74EC266B813C00F4EC96 /* UT_DevThread.cpp in Sources */ = {isa = PBXBuildFile; fileRef = E72E74EB266B813C00F4EC96 /* UT_DevThread.cpp */; };
		E7B32F6A2615C1AF00B8583B /* UnitTestMain.cpp in Sources */ = {isa = PBXBuildFile; fileRef = E7B32F692615C1AF00B8583B /* UnitTestMain.cpp */; };
		E7B32F6C2616B92A00B8583B /* UT_Hash.cpp in Sources */ = {isa = PBXBuildFile; fileRef = E7B32F6B2616B92A00B8583B /* UT_Hash.cpp */; };
		E7B32F6E2616BDEC00B8583B /* UT_Profiling.cpp in Sources */ = {isa = PBXBuildFile; fileRef = E7B32F6D2616BDEB00B8583B /* UT_Profiling.cpp */; };
		E7B32F702617084900B8583B /* UT_XXTEA.cpp in Sources */ = {isa = PBXBuildFile; fileRef = E7B32F6F2617084900B8583B /* UT_XXTEA.cpp */; };
		E7B32F722617097300B8583B /* UT_FileRead_WriteStream.cpp in Sources */ = {isa = PBXBuildFile; fileRef = E7B32F712617097300B8583B /* UT_FileRead_WriteStream.cpp */; };
		E7B32F7426172DD400B8583B /* UT_UNICODE.cpp in Sources */ = {isa = PBXBuildFile; fileRef = E7B32F7326172DD400B8583B /* UT_UNICODE.cpp */; };
		E7B32F7626181CA100B8583B /* UT_TextFileRead_WriteStream.cpp in Sources */ = {isa = PBXBuildFile; fileRef = E7B32F7526181CA100B8583B /* UT_TextFileRead_WriteStream.cpp */; };
		E7B32F782618215A00B8583B /* UT_MatheFuncs.cpp in Sources */ = {isa = PBXBuildFile; fileRef = E7B32F772618215A00B8583B /* UT_MatheFuncs.cpp */; };
		E7B32F7A261822A600B8583B /* UT_FloatPointFuncs.cpp in Sources */ = {isa = PBXBuildFile; fileRef = E7B32F79261822A600B8583B /* UT_FloatPointFuncs.cpp */; };
		E7B32FB9262A526C00B8583B /* UT_BitOperation.cpp in Sources */ = {isa = PBXBuildFile; fileRef = E7B32FB8262A526C00B8583B /* UT_BitOperation.cpp */; };
/* End PBXBuildFile section */

/* Begin PBXCopyFilesBuildPhase section */
		E7B32F532610793300B8583B /* CopyFiles */ = {
			isa = PBXCopyFilesBuildPhase;
			buildActionMask = 2147483647;
			dstPath = /usr/share/man/man1/;
			dstSubfolderSpec = 0;
			files = (
			);
			runOnlyForDeploymentPostprocessing = 1;
		};
/* End PBXCopyFilesBuildPhase section */

/* Begin PBXFileReference section */
		E72E74AC265116DC00F4EC96 /* UT_StlAllocator.cpp */ = {isa = PBXFileReference; fileEncoding = 4; lastKnownFileType = sourcecode.cpp.cpp; lineEnding = 0; name = UT_StlAllocator.cpp; path = Unit_Test/Test_Case/UT_StlAllocator.cpp; sourceTree = "<group>"; };
		E72E74EB266B813C00F4EC96 /* UT_DevThread.cpp */ = {isa = PBXFileReference; fileEncoding = 4; lastKnownFileType = sourcecode.cpp.cpp; lineEnding = 0; name = UT_DevThread.cpp; path = Unit_Test/Test_Case/UT_DevThread.cpp; sourceTree = "<group>"; };
		E7B32F552610793300B8583B /* Unit_Test */ = {isa = PBXFileReference; explicitFileType = "compiled.mach-o.executable"; includeInIndex = 0; path = Unit_Test; sourceTree = BUILT_PRODUCTS_DIR; };
		E7B32F6226107A2C00B8583B /* catch_v2.hpp */ = {isa = PBXFileReference; fileEncoding = 4; lastKnownFileType = sourcecode.cpp.h; lineEnding = 0; name = catch_v2.hpp; path = Unit_Test/External/Catch/catch_v2.hpp; sourceTree = "<group>"; };
		E7B32F6826107AE800B8583B /* UT_Config.hpp */ = {isa = PBXFileReference; fileEncoding = 4; lastKnownFileType = sourcecode.cpp.h; lineEnding = 0; name = UT_Config.hpp; path = Unit_Test/Test_Case/UT_Config.hpp; sourceTree = "<group>"; };
		E7B32F692615C1AF00B8583B /* UnitTestMain.cpp */ = {isa = PBXFileReference; fileEncoding = 4; lastKnownFileType = sourcecode.cpp.cpp; lineEnding = 0; name = UnitTestMain.cpp; path = Unit_Test/UnitTestMain.cpp; sourceTree = "<group>"; };
		E7B32F6B2616B92A00B8583B /* UT_Hash.cpp */ = {isa = PBXFileReference; fileEncoding = 4; lastKnownFileType = sourcecode.cpp.cpp; lineEnding = 0; name = UT_Hash.cpp; path = Unit_Test/Test_Case/UT_Hash.cpp; sourceTree = "<group>"; };
		E7B32F6D2616BDEB00B8583B /* UT_Profiling.cpp */ = {isa = PBXFileReference; fileEncoding = 4; lastKnownFileType = sourcecode.cpp.cpp; lineEnding = 0; name = UT_Profiling.cpp; path = Unit_Test/Test_Case/UT_Profiling.cpp; sourceTree = "<group>"; };
		E7B32F6F2617084900B8583B /* UT_XXTEA.cpp */ = {isa = PBXFileReference; fileEncoding = 4; lastKnownFileType = sourcecode.cpp.cpp; lineEnding = 0; name = UT_XXTEA.cpp; path = Unit_Test/Test_Case/UT_XXTEA.cpp; sourceTree = "<group>"; };
		E7B32F712617097300B8583B /* UT_FileRead_WriteStream.cpp */ = {isa = PBXFileReference; fileEncoding = 4; lastKnownFileType = sourcecode.cpp.cpp; lineEnding = 0; name = UT_FileRead_WriteStream.cpp; path = Unit_Test/Test_Case/UT_FileRead_WriteStream.cpp; sourceTree = "<group>"; };
		E7B32F7326172DD400B8583B /* UT_UNICODE.cpp */ = {isa = PBXFileReference; fileEncoding = 4; lastKnownFileType = sourcecode.cpp.cpp; lineEnding = 0; name = UT_UNICODE.cpp; path = Unit_Test/Test_Case/UT_UNICODE.cpp; sourceTree = "<group>"; };
		E7B32F7526181CA100B8583B /* UT_TextFileRead_WriteStream.cpp */ = {isa = PBXFileReference; fileEncoding = 4; lastKnownFileType = sourcecode.cpp.cpp; lineEnding = 0; name = UT_TextFileRead_WriteStream.cpp; path = Unit_Test/Test_Case/UT_TextFileRead_WriteStream.cpp; sourceTree = "<group>"; };
		E7B32F772618215A00B8583B /* UT_MatheFuncs.cpp */ = {isa = PBXFileReference; fileEncoding = 4; lastKnownFileType = sourcecode.cpp.cpp; lineEnding = 0; name = UT_MatheFuncs.cpp; path = Unit_Test/Test_Case/UT_MatheFuncs.cpp; sourceTree = "<group>"; };
		E7B32F79261822A600B8583B /* UT_FloatPointFuncs.cpp */ = {isa = PBXFileReference; fileEncoding = 4; lastKnownFileType = sourcecode.cpp.cpp; lineEnding = 0; name = UT_FloatPointFuncs.cpp; path = Unit_Test/Test_Case/UT_FloatPointFuncs.cpp; sourceTree = "<group>"; };
		E7B32FB8262A526C00B8583B /* UT_BitOperation.cpp */ = {isa = PBXFileReference; fileEncoding = 4; lastKnownFileType = sourcecode.cpp.cpp; lineEnding = 0; name = UT_BitOperation.cpp; path = Unit_Test/Test_Case/UT_BitOperation.cpp; sourceTree = "<group>"; };
/* End PBXFileReference section */

/* Begin PBXFrameworksBuildPhase section */
		E7B32F522610793300B8583B /* Frameworks */ = {
			isa = PBXFrameworksBuildPhase;
			buildActionMask = 2147483647;
			files = (
			);
			runOnlyForDeploymentPostprocessing = 0;
		};
/* End PBXFrameworksBuildPhase section */

/* Begin PBXGroup section */
		E7B32F4C2610793300B8583B = {
			isa = PBXGroup;
			children = (
				E7B32F6026107A1400B8583B /* External */,
				E7B32F6526107A4700B8583B /* Test_Case */,
				E7B32F692615C1AF00B8583B /* UnitTestMain.cpp */,
				E7B32F562610793300B8583B /* Products */,
			);
			sourceTree = "<group>";
		};
		E7B32F562610793300B8583B /* Products */ = {
			isa = PBXGroup;
			children = (
				E7B32F552610793300B8583B /* Unit_Test */,
			);
			name = Products;
			sourceTree = "<group>";
		};
		E7B32F6026107A1400B8583B /* External */ = {
			isa = PBXGroup;
			children = (
				E7B32F6126107A1C00B8583B /* Catch */,
			);
			name = External;
			sourceTree = "<group>";
		};
		E7B32F6126107A1C00B8583B /* Catch */ = {
			isa = PBXGroup;
			children = (
				E7B32F6226107A2C00B8583B /* catch_v2.hpp */,
			);
			name = Catch;
			sourceTree = "<group>";
		};
		E7B32F6526107A4700B8583B /* Test_Case */ = {
			isa = PBXGroup;
			children = (
				E7B32F6826107AE800B8583B /* UT_Config.hpp */,
				E7B32FB8262A526C00B8583B /* UT_BitOperation.cpp */,
				E72E74EB266B813C00F4EC96 /* UT_DevThread.cpp */,
				E7B32F712617097300B8583B /* UT_FileRead_WriteStream.cpp */,
				E7B32F79261822A600B8583B /* UT_FloatPointFuncs.cpp */,
				E7B32F6B2616B92A00B8583B /* UT_Hash.cpp */,
				E7B32F772618215A00B8583B /* UT_MatheFuncs.cpp */,
				E7B32F6D2616BDEB00B8583B /* UT_Profiling.cpp */,
				E72E74AC265116DC00F4EC96 /* UT_StlAllocator.cpp */,
				E7B32F7526181CA100B8583B /* UT_TextFileRead_WriteStream.cpp */,
				E7B32F6F2617084900B8583B /* UT_XXTEA.cpp */,
				E7B32F7326172DD400B8583B /* UT_UNICODE.cpp */,
			);
			name = Test_Case;
			sourceTree = "<group>";
		};
/* End PBXGroup section */

/* Begin PBXNativeTarget section */
		E7B32F542610793300B8583B /* Unit_Test */ = {
			isa = PBXNativeTarget;
			buildConfigurationList = E7B32F5C2610793300B8583B /* Build configuration list for PBXNativeTarget "Unit_Test" */;
			buildPhases = (
				E7B32F512610793300B8583B /* Sources */,
				E7B32F522610793300B8583B /* Frameworks */,
				E7B32F532610793300B8583B /* CopyFiles */,
			);
			buildRules = (
			);
			dependencies = (
			);
			name = Unit_Test;
			productName = Unit_Test;
			productReference = E7B32F552610793300B8583B /* Unit_Test */;
			productType = "com.apple.product-type.tool";
		};
/* End PBXNativeTarget section */

/* Begin PBXProject section */
		E7B32F4D2610793300B8583B /* Project object */ = {
			isa = PBXProject;
			attributes = {
				LastUpgradeCheck = 1160;
				ORGANIZATIONNAME = "Zenggang Liu";
				TargetAttributes = {
					E7B32F542610793300B8583B = {
						CreatedOnToolsVersion = 11.6;
					};
				};
			};
			buildConfigurationList = E7B32F502610793300B8583B /* Build configuration list for PBXProject "Unit_Test" */;
			compatibilityVersion = "Xcode 9.3";
			developmentRegion = en;
			hasScannedForEncodings = 0;
			knownRegions = (
				en,
				Base,
			);
			mainGroup = E7B32F4C2610793300B8583B;
			productRefGroup = E7B32F562610793300B8583B /* Products */;
			projectDirPath = "";
			projectRoot = "";
			targets = (
				E7B32F542610793300B8583B /* Unit_Test */,
			);
		};
/* End PBXProject section */

/* Begin PBXSourcesBuildPhase section */
		E7B32F512610793300B8583B /* Sources */ = {
			isa = PBXSourcesBuildPhase;
			buildActionMask = 2147483647;
			files = (
				E72E74EC266B813C00F4EC96 /* UT_DevThread.cpp in Sources */,
				E7B32F782618215A00B8583B /* UT_MatheFuncs.cpp in Sources */,
				E7B32F722617097300B8583B /* UT_FileRead_WriteStream.cpp in Sources */,
				E7B32FB9262A526C00B8583B /* UT_BitOperation.cpp in Sources */,
				E7B32F6C2616B92A00B8583B /* UT_Hash.cpp in Sources */,
				E7B32F6A2615C1AF00B8583B /* UnitTestMain.cpp in Sources */,
				E72E74AD265116DC00F4EC96 /* UT_StlAllocator.cpp in Sources */,
				E7B32F6E2616BDEC00B8583B /* UT_Profiling.cpp in Sources */,
				E7B32F7626181CA100B8583B /* UT_TextFileRead_WriteStream.cpp in Sources */,
				E7B32F7426172DD400B8583B /* UT_UNICODE.cpp in Sources */,
				E7B32F702617084900B8583B /* UT_XXTEA.cpp in Sources */,
				E7B32F7A261822A600B8583B /* UT_FloatPointFuncs.cpp in Sources */,
			);
			runOnlyForDeploymentPostprocessing = 0;
		};
/* End PBXSourcesBuildPhase section */

/* Begin XCBuildConfiguration section */
		E7B32F5A2610793300B8583B /* Debug */ = {
			isa = XCBuildConfiguration;
			buildSettings = {
				ALWAYS_SEARCH_USER_PATHS = NO;
				CLANG_ANALYZER_NONNULL = YES;
				CLANG_ANALYZER_NUMBER_OBJECT_CONVERSION = YES_AGGRESSIVE;
				CLANG_CXX_LANGUAGE_STANDARD = "c++0x";
				CLANG_CXX_LIBRARY = "libc++";
				CLANG_ENABLE_MODULES = YES;
				CLANG_ENABLE_OBJC_ARC = YES;
				CLANG_ENABLE_OBJC_WEAK = YES;
				CLANG_WARN_BLOCK_CAPTURE_AUTORELEASING = YES;
				CLANG_WARN_BOOL_CONVERSION = YES;
				CLANG_WARN_COMMA = YES;
				CLANG_WARN_CONSTANT_CONVERSION = YES;
				CLANG_WARN_DEPRECATED_OBJC_IMPLEMENTATIONS = YES;
				CLANG_WARN_DIRECT_OBJC_ISA_USAGE = YES_ERROR;
				CLANG_WARN_DOCUMENTATION_COMMENTS = YES;
				CLANG_WARN_EMPTY_BODY = YES;
				CLANG_WARN_ENUM_CONVERSION = YES;
				CLANG_WARN_INFINITE_RECURSION = YES;
				CLANG_WARN_INT_CONVERSION = YES;
				CLANG_WARN_NON_LITERAL_NULL_CONVERSION = YES;
				CLANG_WARN_OBJC_IMPLICIT_RETAIN_SELF = YES;
				CLANG_WARN_OBJC_LITERAL_CONVERSION = YES;
				CLANG_WARN_OBJC_ROOT_CLASS = YES_ERROR;
				CLANG_WARN_RANGE_LOOP_ANALYSIS = YES;
				CLANG_WARN_STRICT_PROTOTYPES = YES;
				CLANG_WARN_SUSPICIOUS_MOVE = YES;
				CLANG_WARN_UNGUARDED_AVAILABILITY = YES_AGGRESSIVE;
				CLANG_WARN_UNREACHABLE_CODE = YES;
				CLANG_WARN__DUPLICATE_METHOD_MATCH = YES;
				CONFIGURATION_BUILD_DIR = "$(PROJECT_DIR)/../Bin/$(PROJECT_NAME)/$(SUPPORTED_PLATFORMS)/$(CONFIGURATION)";
				CONFIGURATION_TEMP_DIR = "$(PROJECT_DIR)/../TrashBin/$(PROJECT_NAME)/$(SUPPORTED_PLATFORMS)/$(CONFIGURATION)";
				COPY_PHASE_STRIP = NO;
				DEBUG_INFORMATION_FORMAT = dwarf;
				ENABLE_STRICT_OBJC_MSGSEND = YES;
				ENABLE_TESTABILITY = YES;
				GCC_C_LANGUAGE_STANDARD = gnu11;
				GCC_DYNAMIC_NO_PIC = NO;
				GCC_ENABLE_CPP_EXCEPTIONS = NO;
				GCC_ENABLE_CPP_RTTI = NO;
				GCC_NO_COMMON_BLOCKS = YES;
				GCC_OPTIMIZATION_LEVEL = 0;
				GCC_PREPROCESSOR_DEFINITIONS = (
					"API_BUILD=0",
					"DEBUG=1",
					ENABLE_FAILURE_LOGGING,
					ENABLE_INFO_LOGGING,
					ENABLE_WARNING_LOGGING,
					"LOGGING_MODE=1",
					"PROFILING_MODE=1",
					"$(inherited)",
				);
				GCC_WARN_64_TO_32_BIT_CONVERSION = YES;
				GCC_WARN_ABOUT_RETURN_TYPE = YES_ERROR;
				GCC_WARN_UNDECLARED_SELECTOR = YES;
				GCC_WARN_UNINITIALIZED_AUTOS = YES_AGGRESSIVE;
				GCC_WARN_UNUSED_FUNCTION = YES;
				GCC_WARN_UNUSED_VARIABLE = YES;
				LIBRARY_SEARCH_PATHS = "$(PROJECT_DIR)/../Library/$(SUPPORTED_PLATFORMS)/$(CONFIGURATION)";
				MACOSX_DEPLOYMENT_TARGET = 10.15;
				MTL_ENABLE_DEBUG_INFO = INCLUDE_SOURCE;
				MTL_FAST_MATH = YES;
				ONLY_ACTIVE_ARCH = YES;
				OTHER_LDFLAGS = (
					"-framework",
					Foundation,
					"-framework",
					QuartzCore,
					"-lCore-$(SUPPORTED_PLATFORMS)",
				);
				SDKROOT = macosx;
				USER_HEADER_SEARCH_PATHS = (
					"$(SRCROOT)/../Public",
					"$(PROJECT_DIR)/$(PROJECT_NAME)",
				);
			};
			name = Debug;
		};
		E7B32F5B2610793300B8583B /* Release */ = {
			isa = XCBuildConfiguration;
			buildSettings = {
				ALWAYS_SEARCH_USER_PATHS = NO;
				CLANG_ANALYZER_NONNULL = YES;
				CLANG_ANALYZER_NUMBER_OBJECT_CONVERSION = YES_AGGRESSIVE;
				CLANG_CXX_LANGUAGE_STANDARD = "c++0x";
				CLANG_CXX_LIBRARY = "libc++";
				CLANG_ENABLE_MODULES = YES;
				CLANG_ENABLE_OBJC_ARC = YES;
				CLANG_ENABLE_OBJC_WEAK = YES;
				CLANG_WARN_BLOCK_CAPTURE_AUTORELEASING = YES;
				CLANG_WARN_BOOL_CONVERSION = YES;
				CLANG_WARN_COMMA = YES;
				CLANG_WARN_CONSTANT_CONVERSION = YES;
				CLANG_WARN_DEPRECATED_OBJC_IMPLEMENTATIONS = YES;
				CLANG_WARN_DIRECT_OBJC_ISA_USAGE = YES_ERROR;
				CLANG_WARN_DOCUMENTATION_COMMENTS = YES;
				CLANG_WARN_EMPTY_BODY = YES;
				CLANG_WARN_ENUM_CONVERSION = YES;
				CLANG_WARN_INFINITE_RECURSION = YES;
				CLANG_WARN_INT_CONVERSION = YES;
				CLANG_WARN_NON_LITERAL_NULL_CONVERSION = YES;
				CLANG_WARN_OBJC_IMPLICIT_RETAIN_SELF = YES;
				CLANG_WARN_OBJC_LITERAL_CONVERSION = YES;
				CLANG_WARN_OBJC_ROOT_CLASS = YES_ERROR;
				CLANG_WARN_RANGE_LOOP_ANALYSIS = YES;
				CLANG_WARN_STRICT_PROTOTYPES = YES;
				CLANG_WARN_SUSPICIOUS_MOVE = YES;
				CLANG_WARN_UNGUARDED_AVAILABILITY = YES_AGGRESSIVE;
				CLANG_WARN_UNREACHABLE_CODE = YES;
				CLANG_WARN__DUPLICATE_METHOD_MATCH = YES;
				CONFIGURATION_BUILD_DIR = "$(PROJECT_DIR)/../Bin/$(PROJECT_NAME)/$(SUPPORTED_PLATFORMS)/$(CONFIGURATION)";
				CONFIGURATION_TEMP_DIR = "$(PROJECT_DIR)/../TrashBin/$(PROJECT_NAME)/$(SUPPORTED_PLATFORMS)/$(CONFIGURATION)";
				COPY_PHASE_STRIP = NO;
				DEBUG_INFORMATION_FORMAT = "dwarf-with-dsym";
				ENABLE_NS_ASSERTIONS = NO;
				ENABLE_STRICT_OBJC_MSGSEND = YES;
				GCC_C_LANGUAGE_STANDARD = gnu11;
				GCC_ENABLE_CPP_EXCEPTIONS = NO;
				GCC_ENABLE_CPP_RTTI = NO;
				GCC_NO_COMMON_BLOCKS = YES;
				GCC_PREPROCESSOR_DEFINITIONS = (
					"API_BUILD=0",
					"LOGGING_MODE=0",
				);
				GCC_WARN_64_TO_32_BIT_CONVERSION = YES;
				GCC_WARN_ABOUT_RETURN_TYPE = YES_ERROR;
				GCC_WARN_UNDECLARED_SELECTOR = YES;
				GCC_WARN_UNINITIALIZED_AUTOS = YES_AGGRESSIVE;
				GCC_WARN_UNUSED_FUNCTION = YES;
				GCC_WARN_UNUSED_VARIABLE = YES;
				LIBRARY_SEARCH_PATHS = "$(PROJECT_DIR)/../Library/$(SUPPORTED_PLATFORMS)/$(CONFIGURATION)";
				MACOSX_DEPLOYMENT_TARGET = 10.15;
				MTL_ENABLE_DEBUG_INFO = NO;
				MTL_FAST_MATH = YES;
				OTHER_LDFLAGS = (
					"-framework",
					Foundation,
					"-framework",
					QuartzCore,
					"-lCore-$(SUPPORTED_PLATFORMS)",
				);
				SDKROOT = macosx;
				USER_HEADER_SEARCH_PATHS = (
					"$(SRCROOT)/../Public",
					"$(PROJECT_DIR)/$(PROJECT_NAME)",
				);
			};
			name = Release;
		};
		E7B32F5D2610793300B8583B /* Debug */ = {
			isa = XCBuildConfiguration;
			buildSettings = {
				CODE_SIGN_STYLE = Automatic;
				DEVELOPMENT_TEAM = Y5GL7GR624;
				ENABLE_HARDENED_RUNTIME = YES;
				PRODUCT_NAME = "$(TARGET_NAME)";
			};
			name = Debug;
		};
		E7B32F5E2610793300B8583B /* Release */ = {
			isa = XCBuildConfiguration;
			buildSettings = {
				CODE_SIGN_STYLE = Automatic;
				DEVELOPMENT_TEAM = Y5GL7GR624;
				ENABLE_HARDENED_RUNTIME = YES;
				PRODUCT_NAME = "$(TARGET_NAME)";
			};
			name = Release;
		};
/* End XCBuildConfiguration section */

/* Begin XCConfigurationList section */
		E7B32F502610793300B8583B /* Build configuration list for PBXProject "Unit_Test" */ = {
			isa = XCConfigurationList;
			buildConfigurations = (
				E7B32F5A2610793300B8583B /* Debug */,
				E7B32F5B2610793300B8583B /* Release */,
			);
			defaultConfigurationIsVisible = 0;
			defaultConfigurationName = Release;
		};
		E7B32F5C2610793300B8583B /* Build configuration list for PBXNativeTarget "Unit_Test" */ = {
			isa = XCConfigurationList;
			buildConfigurations = (
				E7B32F5D2610793300B8583B /* Debug */,
				E7B32F5E2610793300B8583B /* Release */,
			);
			defaultConfigurationIsVisible = 0;
			defaultConfigurationName = Release;
		};
/* End XCConfigurationList section */
	};
	rootObject = E7B32F4D2610793300B8583B /* Project object */;
}
