// !$*UTF8*$!
{
	archiveVersion = 1;
	classes = {
	};
	objectVersion = 50;
	objects = {

/* Begin PBXBuildFile section */
		E72E73E826429A7D00F4EC96 /* Shaders.metal in Sources */ = {isa = PBXBuildFile; fileRef = E72E73E526429A7D00F4EC96 /* Shaders.metal */; };
		E72E73E926429A7D00F4EC96 /* Shaders.metal in Sources */ = {isa = PBXBuildFile; fileRef = E72E73E526429A7D00F4EC96 /* Shaders.metal */; };
		E72E73EA26429A7D00F4EC96 /* Shaders.metal in Sources */ = {isa = PBXBuildFile; fileRef = E72E73E526429A7D00F4EC96 /* Shaders.metal */; };
		E72E73EB26429A7D00F4EC96 /* Renderer.m in Sources */ = {isa = PBXBuildFile; fileRef = E72E73E626429A7D00F4EC96 /* Renderer.m */; };
		E72E73EC26429A7D00F4EC96 /* Renderer.m in Sources */ = {isa = PBXBuildFile; fileRef = E72E73E626429A7D00F4EC96 /* Renderer.m */; };
		E72E73ED26429A7D00F4EC96 /* Renderer.m in Sources */ = {isa = PBXBuildFile; fileRef = E72E73E626429A7D00F4EC96 /* Renderer.m */; };
		E72E73EE26429A7D00F4EC96 /* Assets.xcassets in Resources */ = {isa = PBXBuildFile; fileRef = E72E73E726429A7D00F4EC96 /* Assets.xcassets */; };
		E72E73EF26429A7D00F4EC96 /* Assets.xcassets in Resources */ = {isa = PBXBuildFile; fileRef = E72E73E726429A7D00F4EC96 /* Assets.xcassets */; };
		E72E73F026429A7D00F4EC96 /* Assets.xcassets in Resources */ = {isa = PBXBuildFile; fileRef = E72E73E726429A7D00F4EC96 /* Assets.xcassets */; };
		E72E73FB26429AFB00F4EC96 /* AppDelegate.m in Sources */ = {isa = PBXBuildFile; fileRef = E72E73F726429AFA00F4EC96 /* AppDelegate.m */; };
		E72E73FE26429AFB00F4EC96 /* GameViewController.m in Sources */ = {isa = PBXBuildFile; fileRef = E72E73F826429AFA00F4EC96 /* GameViewController.m */; };
		E72E740426429AFB00F4EC96 /* main.m in Sources */ = {isa = PBXBuildFile; fileRef = E72E73FA26429AFB00F4EC96 /* main.m */; };
		E72E741926429B2800F4EC96 /* AppDelegate.m in Sources */ = {isa = PBXBuildFile; fileRef = E72E741126429B2800F4EC96 /* AppDelegate.m */; };
		E72E741C26429B2800F4EC96 /* GameViewController.m in Sources */ = {isa = PBXBuildFile; fileRef = E72E741226429B2800F4EC96 /* GameViewController.m */; };
		E72E741F26429B2800F4EC96 /* main.m in Sources */ = {isa = PBXBuildFile; fileRef = E72E741326429B2800F4EC96 /* main.m */; };
		E72E743226429B5C00F4EC96 /* GameViewController.m in Sources */ = {isa = PBXBuildFile; fileRef = E72E742B26429B5C00F4EC96 /* GameViewController.m */; };
		E72E743526429B5C00F4EC96 /* main.m in Sources */ = {isa = PBXBuildFile; fileRef = E72E742C26429B5C00F4EC96 /* main.m */; };
		E72E743826429B5C00F4EC96 /* AppDelegate.m in Sources */ = {isa = PBXBuildFile; fileRef = E72E742D26429B5C00F4EC96 /* AppDelegate.m */; };
		E72E74B12655084300F4EC96 /* Info.plist in Resources */ = {isa = PBXBuildFile; fileRef = E72E74B02655084300F4EC96 /* Info.plist */; };
		E72E74B4265508CB00F4EC96 /* Main.storyboard in Resources */ = {isa = PBXBuildFile; fileRef = E72E74B2265508CB00F4EC96 /* Main.storyboard */; };
		E72E74B82655093400F4EC96 /* Info.plist in Resources */ = {isa = PBXBuildFile; fileRef = E72E74B72655093300F4EC96 /* Info.plist */; };
		E72E74BD2655094500F4EC96 /* Main.storyboard in Resources */ = {isa = PBXBuildFile; fileRef = E72E74B92655094500F4EC96 /* Main.storyboard */; };
		E72E74BE2655094500F4EC96 /* LaunchScreen.storyboard in Resources */ = {isa = PBXBuildFile; fileRef = E72E74BB2655094500F4EC96 /* LaunchScreen.storyboard */; };
		E72E74C02655096800F4EC96 /* Info.plist in Resources */ = {isa = PBXBuildFile; fileRef = E72E74BF2655096800F4EC96 /* Info.plist */; };
		E72E74C52655097500F4EC96 /* LaunchScreen.storyboard in Resources */ = {isa = PBXBuildFile; fileRef = E72E74C12655097500F4EC96 /* LaunchScreen.storyboard */; };
		E72E74C62655097500F4EC96 /* Main.storyboard in Resources */ = {isa = PBXBuildFile; fileRef = E72E74C32655097500F4EC96 /* Main.storyboard */; };
/* End PBXBuildFile section */

/* Begin PBXFileReference section */
		E72E7396264299AC00F4EC96 /* Demo_Render.app */ = {isa = PBXFileReference; explicitFileType = wrapper.application; includeInIndex = 0; path = Demo_Render.app; sourceTree = BUILT_PRODUCTS_DIR; };
		E72E73AC264299AC00F4EC96 /* Demo_Render.app */ = {isa = PBXFileReference; explicitFileType = wrapper.application; includeInIndex = 0; path = Demo_Render.app; sourceTree = BUILT_PRODUCTS_DIR; };
		E72E73C1264299AD00F4EC96 /* Demo_Render.app */ = {isa = PBXFileReference; explicitFileType = wrapper.application; includeInIndex = 0; path = Demo_Render.app; sourceTree = BUILT_PRODUCTS_DIR; };
		E72E73E326429A7D00F4EC96 /* ShaderTypes.h */ = {isa = PBXFileReference; fileEncoding = 4; lastKnownFileType = sourcecode.c.h; path = ShaderTypes.h; sourceTree = SOURCE_ROOT; };
		E72E73E426429A7D00F4EC96 /* Renderer.h */ = {isa = PBXFileReference; fileEncoding = 4; lastKnownFileType = sourcecode.c.h; path = Renderer.h; sourceTree = SOURCE_ROOT; };
		E72E73E526429A7D00F4EC96 /* Shaders.metal */ = {isa = PBXFileReference; fileEncoding = 4; lastKnownFileType = sourcecode.metal; path = Shaders.metal; sourceTree = SOURCE_ROOT; };
		E72E73E626429A7D00F4EC96 /* Renderer.m */ = {isa = PBXFileReference; fileEncoding = 4; lastKnownFileType = sourcecode.c.objc; path = Renderer.m; sourceTree = SOURCE_ROOT; };
		E72E73E726429A7D00F4EC96 /* Assets.xcassets */ = {isa = PBXFileReference; lastKnownFileType = folder.assetcatalog; path = Assets.xcassets; sourceTree = SOURCE_ROOT; };
		E72E73F526429AFA00F4EC96 /* GameViewController.h */ = {isa = PBXFileReference; fileEncoding = 4; lastKnownFileType = sourcecode.c.h; lineEnding = 0; name = GameViewController.h; path = "Demo_Render/Demo_Render iOS/GameViewController.h"; sourceTree = "<group>"; };
		E72E73F626429AFA00F4EC96 /* AppDelegate.h */ = {isa = PBXFileReference; fileEncoding = 4; lastKnownFileType = sourcecode.c.h; lineEnding = 0; name = AppDelegate.h; path = "Demo_Render/Demo_Render iOS/AppDelegate.h"; sourceTree = "<group>"; };
		E72E73F726429AFA00F4EC96 /* AppDelegate.m */ = {isa = PBXFileReference; fileEncoding = 4; lastKnownFileType = sourcecode.c.objc; lineEnding = 0; name = AppDelegate.m; path = "Demo_Render/Demo_Render iOS/AppDelegate.m"; sourceTree = "<group>"; };
		E72E73F826429AFA00F4EC96 /* GameViewController.m */ = {isa = PBXFileReference; fileEncoding = 4; lastKnownFileType = sourcecode.c.objc; lineEnding = 0; name = GameViewController.m; path = "Demo_Render/Demo_Render iOS/GameViewController.m"; sourceTree = "<group>"; };
		E72E73FA26429AFB00F4EC96 /* main.m */ = {isa = PBXFileReference; fileEncoding = 4; lastKnownFileType = sourcecode.c.objc; lineEnding = 0; name = main.m; path = "Demo_Render/Demo_Render iOS/main.m"; sourceTree = "<group>"; };
		E72E741126429B2800F4EC96 /* AppDelegate.m */ = {isa = PBXFileReference; fileEncoding = 4; lastKnownFileType = sourcecode.c.objc; lineEnding = 0; name = AppDelegate.m; path = "Demo_Render/Demo_Render macOS/AppDelegate.m"; sourceTree = "<group>"; };
		E72E741226429B2800F4EC96 /* GameViewController.m */ = {isa = PBXFileReference; fileEncoding = 4; lastKnownFileType = sourcecode.c.objc; lineEnding = 0; name = GameViewController.m; path = "Demo_Render/Demo_Render macOS/GameViewController.m"; sourceTree = "<group>"; };
		E72E741326429B2800F4EC96 /* main.m */ = {isa = PBXFileReference; fileEncoding = 4; lastKnownFileType = sourcecode.c.objc; lineEnding = 0; name = main.m; path = "Demo_Render/Demo_Render macOS/main.m"; sourceTree = "<group>"; };
		E72E741426429B2800F4EC96 /* GameViewController.h */ = {isa = PBXFileReference; fileEncoding = 4; lastKnownFileType = sourcecode.c.h; lineEnding = 0; name = GameViewController.h; path = "Demo_Render/Demo_Render macOS/GameViewController.h"; sourceTree = "<group>"; };
		E72E741526429B2800F4EC96 /* AppDelegate.h */ = {isa = PBXFileReference; fileEncoding = 4; lastKnownFileType = sourcecode.c.h; lineEnding = 0; name = AppDelegate.h; path = "Demo_Render/Demo_Render macOS/AppDelegate.h"; sourceTree = "<group>"; };
		E72E742926429B5C00F4EC96 /* AppDelegate.h */ = {isa = PBXFileReference; fileEncoding = 4; lastKnownFileType = sourcecode.c.h; lineEnding = 0; name = AppDelegate.h; path = "Demo_Render/Demo_Render tvOS/AppDelegate.h"; sourceTree = "<group>"; };
		E72E742A26429B5C00F4EC96 /* GameViewController.h */ = {isa = PBXFileReference; fileEncoding = 4; lastKnownFileType = sourcecode.c.h; lineEnding = 0; name = GameViewController.h; path = "Demo_Render/Demo_Render tvOS/GameViewController.h"; sourceTree = "<group>"; };
		E72E742B26429B5C00F4EC96 /* GameViewController.m */ = {isa = PBXFileReference; fileEncoding = 4; lastKnownFileType = sourcecode.c.objc; lineEnding = 0; name = GameViewController.m; path = "Demo_Render/Demo_Render tvOS/GameViewController.m"; sourceTree = "<group>"; };
		E72E742C26429B5C00F4EC96 /* main.m */ = {isa = PBXFileReference; fileEncoding = 4; lastKnownFileType = sourcecode.c.objc; lineEnding = 0; name = main.m; path = "Demo_Render/Demo_Render tvOS/main.m"; sourceTree = "<group>"; };
		E72E742D26429B5C00F4EC96 /* AppDelegate.m */ = {isa = PBXFileReference; fileEncoding = 4; lastKnownFileType = sourcecode.c.objc; lineEnding = 0; name = AppDelegate.m; path = "Demo_Render/Demo_Render tvOS/AppDelegate.m"; sourceTree = "<group>"; };
		E72E74B02655084300F4EC96 /* Info.plist */ = {isa = PBXFileReference; fileEncoding = 4; lastKnownFileType = text.plist.xml; name = Info.plist; path = Demo_Render/Resources/macOS/Info.plist; sourceTree = "<group>"; };
		E72E74B3265508CB00F4EC96 /* Base */ = {isa = PBXFileReference; lastKnownFileType = file.storyboard; name = Base; path = Demo_Render/Resources/macOS/Base.lproj/Main.storyboard; sourceTree = "<group>"; };
		E72E74B72655093300F4EC96 /* Info.plist */ = {isa = PBXFileReference; fileEncoding = 4; lastKnownFileType = text.plist.xml; name = Info.plist; path = Demo_Render/Resources/iOS/Info.plist; sourceTree = "<group>"; };
		E72E74BA2655094500F4EC96 /* Base */ = {isa = PBXFileReference; lastKnownFileType = file.storyboard; name = Base; path = Demo_Render/Resources/iOS/Base.lproj/Main.storyboard; sourceTree = "<group>"; };
		E72E74BC2655094500F4EC96 /* Base */ = {isa = PBXFileReference; lastKnownFileType = file.storyboard; name = Base; path = Demo_Render/Resources/iOS/Base.lproj/LaunchScreen.storyboard; sourceTree = "<group>"; };
		E72E74BF2655096800F4EC96 /* Info.plist */ = {isa = PBXFileReference; fileEncoding = 4; lastKnownFileType = text.plist.xml; name = Info.plist; path = Demo_Render/Resources/tvOS/Info.plist; sourceTree = "<group>"; };
		E72E74C22655097500F4EC96 /* Base */ = {isa = PBXFileReference; lastKnownFileType = file.storyboard; name = Base; path = Demo_Render/Resources/tvOS/Base.lproj/LaunchScreen.storyboard; sourceTree = "<group>"; };
		E72E74C42655097500F4EC96 /* Base */ = {isa = PBXFileReference; lastKnownFileType = file.storyboard; name = Base; path = Demo_Render/Resources/tvOS/Base.lproj/Main.storyboard; sourceTree = "<group>"; };
/* End PBXFileReference section */

/* Begin PBXFrameworksBuildPhase section */
		E72E7393264299AC00F4EC96 /* Frameworks */ = {
			isa = PBXFrameworksBuildPhase;
			buildActionMask = 2147483647;
			files = (
			);
			runOnlyForDeploymentPostprocessing = 0;
		};
		E72E73A9264299AC00F4EC96 /* Frameworks */ = {
			isa = PBXFrameworksBuildPhase;
			buildActionMask = 2147483647;
			files = (
			);
			runOnlyForDeploymentPostprocessing = 0;
		};
		E72E73BE264299AC00F4EC96 /* Frameworks */ = {
			isa = PBXFrameworksBuildPhase;
			buildActionMask = 2147483647;
			files = (
			);
			runOnlyForDeploymentPostprocessing = 0;
		};
/* End PBXFrameworksBuildPhase section */

/* Begin PBXGroup section */
		E72E73872642999F00F4EC96 = {
			isa = PBXGroup;
			children = (
				E72E73F126429A8E00F4EC96 /* Shared */,
				E72E73F226429AAC00F4EC96 /* iOS */,
				E72E73F326429AB300F4EC96 /* macOS */,
				E72E73F426429AB900F4EC96 /* tvOS */,
				E72E74AE2655081F00F4EC96 /* Resources */,
				E72E7397264299AC00F4EC96 /* Products */,
			);
			sourceTree = "<group>";
		};
		E72E7397264299AC00F4EC96 /* Products */ = {
			isa = PBXGroup;
			children = (
				E72E7396264299AC00F4EC96 /* Demo_Render.app */,
				E72E73AC264299AC00F4EC96 /* Demo_Render.app */,
				E72E73C1264299AD00F4EC96 /* Demo_Render.app */,
			);
			name = Products;
			sourceTree = "<group>";
		};
		E72E73F126429A8E00F4EC96 /* Shared */ = {
			isa = PBXGroup;
			children = (
				E72E73E726429A7D00F4EC96 /* Assets.xcassets */,
				E72E73E426429A7D00F4EC96 /* Renderer.h */,
				E72E73E626429A7D00F4EC96 /* Renderer.m */,
				E72E73E526429A7D00F4EC96 /* Shaders.metal */,
				E72E73E326429A7D00F4EC96 /* ShaderTypes.h */,
			);
			name = Shared;
			sourceTree = "<group>";
		};
		E72E73F226429AAC00F4EC96 /* iOS */ = {
			isa = PBXGroup;
			children = (
				E72E73F626429AFA00F4EC96 /* AppDelegate.h */,
				E72E73F726429AFA00F4EC96 /* AppDelegate.m */,
				E72E73F526429AFA00F4EC96 /* GameViewController.h */,
				E72E73F826429AFA00F4EC96 /* GameViewController.m */,
				E72E73FA26429AFB00F4EC96 /* main.m */,
			);
			name = iOS;
			sourceTree = "<group>";
		};
		E72E73F326429AB300F4EC96 /* macOS */ = {
			isa = PBXGroup;
			children = (
				E72E741526429B2800F4EC96 /* AppDelegate.h */,
				E72E741126429B2800F4EC96 /* AppDelegate.m */,
				E72E741426429B2800F4EC96 /* GameViewController.h */,
				E72E741226429B2800F4EC96 /* GameViewController.m */,
				E72E741326429B2800F4EC96 /* main.m */,
			);
			name = macOS;
			sourceTree = "<group>";
		};
		E72E73F426429AB900F4EC96 /* tvOS */ = {
			isa = PBXGroup;
			children = (
				E72E742926429B5C00F4EC96 /* AppDelegate.h */,
				E72E742D26429B5C00F4EC96 /* AppDelegate.m */,
				E72E742A26429B5C00F4EC96 /* GameViewController.h */,
				E72E742B26429B5C00F4EC96 /* GameViewController.m */,
				E72E742C26429B5C00F4EC96 /* main.m */,
			);
			name = tvOS;
			sourceTree = "<group>";
		};
		E72E74AE2655081F00F4EC96 /* Resources */ = {
			isa = PBXGroup;
			children = (
				E72E74B52655090700F4EC96 /* iOS */,
				E72E74AF2655082900F4EC96 /* macOS */,
				E72E74B62655090E00F4EC96 /* tvOS */,
			);
			name = Resources;
			sourceTree = "<group>";
		};
		E72E74AF2655082900F4EC96 /* macOS */ = {
			isa = PBXGroup;
			children = (
				E72E74B02655084300F4EC96 /* Info.plist */,
				E72E74B2265508CB00F4EC96 /* Main.storyboard */,
			);
			name = macOS;
			sourceTree = "<group>";
		};
		E72E74B52655090700F4EC96 /* iOS */ = {
			isa = PBXGroup;
			children = (
				E72E74B72655093300F4EC96 /* Info.plist */,
				E72E74BB2655094500F4EC96 /* LaunchScreen.storyboard */,
				E72E74B92655094500F4EC96 /* Main.storyboard */,
			);
			name = iOS;
			sourceTree = "<group>";
		};
		E72E74B62655090E00F4EC96 /* tvOS */ = {
			isa = PBXGroup;
			children = (
				E72E74C12655097500F4EC96 /* LaunchScreen.storyboard */,
				E72E74C32655097500F4EC96 /* Main.storyboard */,
				E72E74BF2655096800F4EC96 /* Info.plist */,
			);
			name = tvOS;
			sourceTree = "<group>";
		};
/* End PBXGroup section */

/* Begin PBXNativeTarget section */
		E72E7395264299AC00F4EC96 /* Demo_Render iOS */ = {
			isa = PBXNativeTarget;
			buildConfigurationList = E72E73DA264299AD00F4EC96 /* Build configuration list for PBXNativeTarget "Demo_Render iOS" */;
			buildPhases = (
				E72E7392264299AC00F4EC96 /* Sources */,
				E72E7393264299AC00F4EC96 /* Frameworks */,
				E72E7394264299AC00F4EC96 /* Resources */,
			);
			buildRules = (
			);
			dependencies = (
			);
			name = "Demo_Render iOS";
			productName = "Demo_Render iOS";
			productReference = E72E7396264299AC00F4EC96 /* Demo_Render.app */;
			productType = "com.apple.product-type.application";
		};
		E72E73AB264299AC00F4EC96 /* Demo_Render tvOS */ = {
			isa = PBXNativeTarget;
			buildConfigurationList = E72E73DD264299AD00F4EC96 /* Build configuration list for PBXNativeTarget "Demo_Render tvOS" */;
			buildPhases = (
				E72E73A8264299AC00F4EC96 /* Sources */,
				E72E73A9264299AC00F4EC96 /* Frameworks */,
				E72E73AA264299AC00F4EC96 /* Resources */,
			);
			buildRules = (
			);
			dependencies = (
			);
			name = "Demo_Render tvOS";
			productName = "Demo_Render tvOS";
			productReference = E72E73AC264299AC00F4EC96 /* Demo_Render.app */;
			productType = "com.apple.product-type.application";
		};
		E72E73C0264299AC00F4EC96 /* Demo_Render macOS */ = {
			isa = PBXNativeTarget;
			buildConfigurationList = E72E73E0264299AD00F4EC96 /* Build configuration list for PBXNativeTarget "Demo_Render macOS" */;
			buildPhases = (
				E72E73BD264299AC00F4EC96 /* Sources */,
				E72E73BE264299AC00F4EC96 /* Frameworks */,
				E72E73BF264299AC00F4EC96 /* Resources */,
			);
			buildRules = (
			);
			dependencies = (
			);
			name = "Demo_Render macOS";
			productName = "Demo_Render macOS";
			productReference = E72E73C1264299AD00F4EC96 /* Demo_Render.app */;
			productType = "com.apple.product-type.application";
		};
/* End PBXNativeTarget section */

/* Begin PBXProject section */
		E72E73882642999F00F4EC96 /* Project object */ = {
			isa = PBXProject;
			attributes = {
				LastUpgradeCheck = 1160;
				ORGANIZATIONNAME = "Zenggang Liu";
				TargetAttributes = {
					E72E7395264299AC00F4EC96 = {
						CreatedOnToolsVersion = 11.6;
					};
					E72E73AB264299AC00F4EC96 = {
						CreatedOnToolsVersion = 11.6;
					};
					E72E73C0264299AC00F4EC96 = {
						CreatedOnToolsVersion = 11.6;
					};
				};
			};
			buildConfigurationList = E72E738B2642999F00F4EC96 /* Build configuration list for PBXProject "Demo_Render" */;
			compatibilityVersion = "Xcode 9.3";
			developmentRegion = en;
			hasScannedForEncodings = 0;
			knownRegions = (
				en,
				Base,
			);
			mainGroup = E72E73872642999F00F4EC96;
			productRefGroup = E72E7397264299AC00F4EC96 /* Products */;
			projectDirPath = "";
			projectRoot = "";
			targets = (
				E72E7395264299AC00F4EC96 /* Demo_Render iOS */,
				E72E73AB264299AC00F4EC96 /* Demo_Render tvOS */,
				E72E73C0264299AC00F4EC96 /* Demo_Render macOS */,
			);
		};
/* End PBXProject section */

/* Begin PBXResourcesBuildPhase section */
		E72E7394264299AC00F4EC96 /* Resources */ = {
			isa = PBXResourcesBuildPhase;
			buildActionMask = 2147483647;
			files = (
				E72E74B82655093400F4EC96 /* Info.plist in Resources */,
				E72E74BE2655094500F4EC96 /* LaunchScreen.storyboard in Resources */,
				E72E74BD2655094500F4EC96 /* Main.storyboard in Resources */,
				E72E73EE26429A7D00F4EC96 /* Assets.xcassets in Resources */,
			);
			runOnlyForDeploymentPostprocessing = 0;
		};
		E72E73AA264299AC00F4EC96 /* Resources */ = {
			isa = PBXResourcesBuildPhase;
			buildActionMask = 2147483647;
			files = (
				E72E74C52655097500F4EC96 /* LaunchScreen.storyboard in Resources */,
				E72E74C02655096800F4EC96 /* Info.plist in Resources */,
				E72E73EF26429A7D00F4EC96 /* Assets.xcassets in Resources */,
				E72E74C62655097500F4EC96 /* Main.storyboard in Resources */,
			);
			runOnlyForDeploymentPostprocessing = 0;
		};
		E72E73BF264299AC00F4EC96 /* Resources */ = {
			isa = PBXResourcesBuildPhase;
			buildActionMask = 2147483647;
			files = (
				E72E74B4265508CB00F4EC96 /* Main.storyboard in Resources */,
				E72E73F026429A7D00F4EC96 /* Assets.xcassets in Resources */,
				E72E74B12655084300F4EC96 /* Info.plist in Resources */,
			);
			runOnlyForDeploymentPostprocessing = 0;
		};
/* End PBXResourcesBuildPhase section */

/* Begin PBXSourcesBuildPhase section */
		E72E7392264299AC00F4EC96 /* Sources */ = {
			isa = PBXSourcesBuildPhase;
			buildActionMask = 2147483647;
			files = (
				E72E73E826429A7D00F4EC96 /* Shaders.metal in Sources */,
				E72E73EB26429A7D00F4EC96 /* Renderer.m in Sources */,
				E72E73FE26429AFB00F4EC96 /* GameViewController.m in Sources */,
				E72E73FB26429AFB00F4EC96 /* AppDelegate.m in Sources */,
				E72E740426429AFB00F4EC96 /* main.m in Sources */,
			);
			runOnlyForDeploymentPostprocessing = 0;
		};
		E72E73A8264299AC00F4EC96 /* Sources */ = {
			isa = PBXSourcesBuildPhase;
			buildActionMask = 2147483647;
			files = (
				E72E743526429B5C00F4EC96 /* main.m in Sources */,
				E72E73E926429A7D00F4EC96 /* Shaders.metal in Sources */,
				E72E73EC26429A7D00F4EC96 /* Renderer.m in Sources */,
				E72E743226429B5C00F4EC96 /* GameViewController.m in Sources */,
				E72E743826429B5C00F4EC96 /* AppDelegate.m in Sources */,
			);
			runOnlyForDeploymentPostprocessing = 0;
		};
		E72E73BD264299AC00F4EC96 /* Sources */ = {
			isa = PBXSourcesBuildPhase;
			buildActionMask = 2147483647;
			files = (
				E72E741C26429B2800F4EC96 /* GameViewController.m in Sources */,
				E72E73EA26429A7D00F4EC96 /* Shaders.metal in Sources */,
				E72E73ED26429A7D00F4EC96 /* Renderer.m in Sources */,
				E72E741926429B2800F4EC96 /* AppDelegate.m in Sources */,
				E72E741F26429B2800F4EC96 /* main.m in Sources */,
			);
			runOnlyForDeploymentPostprocessing = 0;
		};
/* End PBXSourcesBuildPhase section */

/* Begin PBXVariantGroup section */
		E72E74B2265508CB00F4EC96 /* Main.storyboard */ = {
			isa = PBXVariantGroup;
			children = (
				E72E74B3265508CB00F4EC96 /* Base */,
			);
			name = Main.storyboard;
			sourceTree = "<group>";
		};
		E72E74B92655094500F4EC96 /* Main.storyboard */ = {
			isa = PBXVariantGroup;
			children = (
				E72E74BA2655094500F4EC96 /* Base */,
			);
			name = Main.storyboard;
			sourceTree = "<group>";
		};
		E72E74BB2655094500F4EC96 /* LaunchScreen.storyboard */ = {
			isa = PBXVariantGroup;
			children = (
				E72E74BC2655094500F4EC96 /* Base */,
			);
			name = LaunchScreen.storyboard;
			sourceTree = "<group>";
		};
		E72E74C12655097500F4EC96 /* LaunchScreen.storyboard */ = {
			isa = PBXVariantGroup;
			children = (
				E72E74C22655097500F4EC96 /* Base */,
			);
			name = LaunchScreen.storyboard;
			sourceTree = "<group>";
		};
		E72E74C32655097500F4EC96 /* Main.storyboard */ = {
			isa = PBXVariantGroup;
			children = (
				E72E74C42655097500F4EC96 /* Base */,
			);
			name = Main.storyboard;
			sourceTree = "<group>";
		};
/* End PBXVariantGroup section */

/* Begin XCBuildConfiguration section */
		E72E73D8264299AD00F4EC96 /* Debug */ = {
			isa = XCBuildConfiguration;
			buildSettings = {
				ALWAYS_SEARCH_USER_PATHS = NO;
				CLANG_ANALYZER_NONNULL = YES;
				CLANG_ANALYZER_NUMBER_OBJECT_CONVERSION = YES_AGGRESSIVE;
				CLANG_CXX_LANGUAGE_STANDARD = "gnu++14";
				CLANG_CXX_LIBRARY = "libc++";
				CLANG_ENABLE_MODULES = YES;
				CLANG_ENABLE_OBJC_ARC = YES;
				CLANG_ENABLE_OBJC_WEAK = YES;
				CLANG_WARN_BLOCK_CAPTURE_AUTORELEASING = YES;
				CLANG_WARN_BOOL_CONVERSION = YES;
				CLANG_WARN_COMMA = YES;
				CLANG_WARN_CONSTANT_CONVERSION = YES;
				CLANG_WARN_DEPRECATED_OBJC_IMPLEMENTATIONS = YES;
				CLANG_WARN_DIRECT_OBJC_ISA_USAGE = YES_ERROR;
				CLANG_WARN_DOCUMENTATION_COMMENTS = YES;
				CLANG_WARN_EMPTY_BODY = YES;
				CLANG_WARN_ENUM_CONVERSION = YES;
				CLANG_WARN_INFINITE_RECURSION = YES;
				CLANG_WARN_INT_CONVERSION = YES;
				CLANG_WARN_NON_LITERAL_NULL_CONVERSION = YES;
				CLANG_WARN_OBJC_IMPLICIT_RETAIN_SELF = YES;
				CLANG_WARN_OBJC_LITERAL_CONVERSION = YES;
				CLANG_WARN_OBJC_ROOT_CLASS = YES_ERROR;
				CLANG_WARN_RANGE_LOOP_ANALYSIS = YES;
				CLANG_WARN_STRICT_PROTOTYPES = YES;
				CLANG_WARN_SUSPICIOUS_MOVE = YES;
				CLANG_WARN_UNGUARDED_AVAILABILITY = YES_AGGRESSIVE;
				CLANG_WARN_UNREACHABLE_CODE = YES;
				CLANG_WARN__DUPLICATE_METHOD_MATCH = YES;
				CONFIGURATION_BUILD_DIR = "$(PROJECT_DIR)/../Bin/$(PROJECT_NAME)/$(SUPPORTED_PLATFORMS)/$(CONFIGURATION)";
				CONFIGURATION_TEMP_DIR = "$(PROJECT_DIR)/../TrashBin/$(PROJECT_NAME)/$(SUPPORTED_PLATFORMS)/$(CONFIGURATION)";
				COPY_PHASE_STRIP = NO;
				DEBUG_INFORMATION_FORMAT = dwarf;
				ENABLE_STRICT_OBJC_MSGSEND = YES;
				ENABLE_TESTABILITY = YES;
				GCC_C_LANGUAGE_STANDARD = gnu11;
				GCC_DYNAMIC_NO_PIC = NO;
				GCC_NO_COMMON_BLOCKS = YES;
				GCC_OPTIMIZATION_LEVEL = 0;
				GCC_PREPROCESSOR_DEFINITIONS = (
					"DEBUG=1",
					"$(inherited)",
				);
				GCC_WARN_64_TO_32_BIT_CONVERSION = YES;
				GCC_WARN_ABOUT_RETURN_TYPE = YES_ERROR;
				GCC_WARN_UNDECLARED_SELECTOR = YES;
				GCC_WARN_UNINITIALIZED_AUTOS = YES_AGGRESSIVE;
				GCC_WARN_UNUSED_FUNCTION = YES;
				GCC_WARN_UNUSED_VARIABLE = YES;
				MTL_ENABLE_DEBUG_INFO = INCLUDE_SOURCE;
				MTL_FAST_MATH = YES;
				ONLY_ACTIVE_ARCH = YES;
			};
			name = Debug;
		};
		E72E73D9264299AD00F4EC96 /* Release */ = {
			isa = XCBuildConfiguration;
			buildSettings = {
				ALWAYS_SEARCH_USER_PATHS = NO;
				CLANG_ANALYZER_NONNULL = YES;
				CLANG_ANALYZER_NUMBER_OBJECT_CONVERSION = YES_AGGRESSIVE;
				CLANG_CXX_LANGUAGE_STANDARD = "gnu++14";
				CLANG_CXX_LIBRARY = "libc++";
				CLANG_ENABLE_MODULES = YES;
				CLANG_ENABLE_OBJC_ARC = YES;
				CLANG_ENABLE_OBJC_WEAK = YES;
				CLANG_WARN_BLOCK_CAPTURE_AUTORELEASING = YES;
				CLANG_WARN_BOOL_CONVERSION = YES;
				CLANG_WARN_COMMA = YES;
				CLANG_WARN_CONSTANT_CONVERSION = YES;
				CLANG_WARN_DEPRECATED_OBJC_IMPLEMENTATIONS = YES;
				CLANG_WARN_DIRECT_OBJC_ISA_USAGE = YES_ERROR;
				CLANG_WARN_DOCUMENTATION_COMMENTS = YES;
				CLANG_WARN_EMPTY_BODY = YES;
				CLANG_WARN_ENUM_CONVERSION = YES;
				CLANG_WARN_INFINITE_RECURSION = YES;
				CLANG_WARN_INT_CONVERSION = YES;
				CLANG_WARN_NON_LITERAL_NULL_CONVERSION = YES;
				CLANG_WARN_OBJC_IMPLICIT_RETAIN_SELF = YES;
				CLANG_WARN_OBJC_LITERAL_CONVERSION = YES;
				CLANG_WARN_OBJC_ROOT_CLASS = YES_ERROR;
				CLANG_WARN_RANGE_LOOP_ANALYSIS = YES;
				CLANG_WARN_STRICT_PROTOTYPES = YES;
				CLANG_WARN_SUSPICIOUS_MOVE = YES;
				CLANG_WARN_UNGUARDED_AVAILABILITY = YES_AGGRESSIVE;
				CLANG_WARN_UNREACHABLE_CODE = YES;
				CLANG_WARN__DUPLICATE_METHOD_MATCH = YES;
				CONFIGURATION_BUILD_DIR = "$(PROJECT_DIR)/../Bin/$(PROJECT_NAME)/$(SUPPORTED_PLATFORMS)/$(CONFIGURATION)";
				CONFIGURATION_TEMP_DIR = "$(PROJECT_DIR)/../TrashBin/$(PROJECT_NAME)/$(SUPPORTED_PLATFORMS)/$(CONFIGURATION)";
				COPY_PHASE_STRIP = NO;
				DEBUG_INFORMATION_FORMAT = "dwarf-with-dsym";
				ENABLE_NS_ASSERTIONS = NO;
				ENABLE_STRICT_OBJC_MSGSEND = YES;
				GCC_C_LANGUAGE_STANDARD = gnu11;
				GCC_NO_COMMON_BLOCKS = YES;
				GCC_WARN_64_TO_32_BIT_CONVERSION = YES;
				GCC_WARN_ABOUT_RETURN_TYPE = YES_ERROR;
				GCC_WARN_UNDECLARED_SELECTOR = YES;
				GCC_WARN_UNINITIALIZED_AUTOS = YES_AGGRESSIVE;
				GCC_WARN_UNUSED_FUNCTION = YES;
				GCC_WARN_UNUSED_VARIABLE = YES;
				MTL_ENABLE_DEBUG_INFO = NO;
				MTL_FAST_MATH = YES;
			};
			name = Release;
		};
		E72E73DB264299AD00F4EC96 /* Debug */ = {
			isa = XCBuildConfiguration;
			buildSettings = {
				ASSETCATALOG_COMPILER_APPICON_NAME = AppIcon;
				CODE_SIGN_STYLE = Automatic;
				DEVELOPMENT_TEAM = Y5GL7GR624;
				INFOPLIST_FILE = "$(SRCROOT)/Demo_Render/Resources/iOS/Info.plist";
				IPHONEOS_DEPLOYMENT_TARGET = 13.6;
				LD_RUNPATH_SEARCH_PATHS = (
					"$(inherited)",
					"@executable_path/Frameworks",
				);
				PRODUCT_BUNDLE_IDENTIFIER = "com.RedSouL.Demo-Render";
				PRODUCT_NAME = Demo_Render;
				SDKROOT = iphoneos;
				TARGETED_DEVICE_FAMILY = "1,2";
			};
			name = Debug;
		};
		E72E73DC264299AD00F4EC96 /* Release */ = {
			isa = XCBuildConfiguration;
			buildSettings = {
				ASSETCATALOG_COMPILER_APPICON_NAME = AppIcon;
				CODE_SIGN_STYLE = Automatic;
				DEVELOPMENT_TEAM = Y5GL7GR624;
				INFOPLIST_FILE = "$(SRCROOT)/Demo_Render/Resources/iOS/Info.plist";
				IPHONEOS_DEPLOYMENT_TARGET = 13.6;
				LD_RUNPATH_SEARCH_PATHS = (
					"$(inherited)",
					"@executable_path/Frameworks",
				);
				PRODUCT_BUNDLE_IDENTIFIER = "com.RedSouL.Demo-Render";
				PRODUCT_NAME = Demo_Render;
				SDKROOT = iphoneos;
				TARGETED_DEVICE_FAMILY = "1,2";
				VALIDATE_PRODUCT = YES;
			};
			name = Release;
		};
		E72E73DE264299AD00F4EC96 /* Debug */ = {
			isa = XCBuildConfiguration;
			buildSettings = {
				ASSETCATALOG_COMPILER_APPICON_NAME = "tvOS App Icon & Top Shelf Image";
				CODE_SIGN_STYLE = Automatic;
				DEVELOPMENT_TEAM = Y5GL7GR624;
				INFOPLIST_FILE = "$(SRCROOT)/Demo_Render/Resources/tvOS/Info.plist";
				LD_RUNPATH_SEARCH_PATHS = (
					"$(inherited)",
					"@executable_path/Frameworks",
				);
				PRODUCT_BUNDLE_IDENTIFIER = "com.RedSouL.Demo-Render";
				PRODUCT_NAME = Demo_Render;
				SDKROOT = appletvos;
				TARGETED_DEVICE_FAMILY = 3;
				TVOS_DEPLOYMENT_TARGET = 13.4;
			};
			name = Debug;
		};
		E72E73DF264299AD00F4EC96 /* Release */ = {
			isa = XCBuildConfiguration;
			buildSettings = {
				ASSETCATALOG_COMPILER_APPICON_NAME = "tvOS App Icon & Top Shelf Image";
				CODE_SIGN_STYLE = Automatic;
				DEVELOPMENT_TEAM = Y5GL7GR624;
				INFOPLIST_FILE = "$(SRCROOT)/Demo_Render/Resources/tvOS/Info.plist";
				LD_RUNPATH_SEARCH_PATHS = (
					"$(inherited)",
					"@executable_path/Frameworks",
				);
				PRODUCT_BUNDLE_IDENTIFIER = "com.RedSouL.Demo-Render";
				PRODUCT_NAME = Demo_Render;
				SDKROOT = appletvos;
				TARGETED_DEVICE_FAMILY = 3;
				TVOS_DEPLOYMENT_TARGET = 13.4;
				VALIDATE_PRODUCT = YES;
			};
			name = Release;
		};
		E72E73E1264299AD00F4EC96 /* Debug */ = {
			isa = XCBuildConfiguration;
			buildSettings = {
				ASSETCATALOG_COMPILER_APPICON_NAME = AppIcon;
				CODE_SIGN_STYLE = Automatic;
				COMBINE_HIDPI_IMAGES = YES;
				DEVELOPMENT_TEAM = Y5GL7GR624;
				ENABLE_HARDENED_RUNTIME = YES;
				INFOPLIST_FILE = "$(SRCROOT)/Demo_Render/Resources/macOS/Info.plist";
				LD_RUNPATH_SEARCH_PATHS = (
					"$(inherited)",
					"@executable_path/../Frameworks",
				);
				MACOSX_DEPLOYMENT_TARGET = 10.15;
				PRODUCT_BUNDLE_IDENTIFIER = "com.RedSouL.Demo-Render";
				PRODUCT_NAME = Demo_Render;
				SDKROOT = macosx;
			};
			name = Debug;
		};
		E72E73E2264299AD00F4EC96 /* Release */ = {
			isa = XCBuildConfiguration;
			buildSettings = {
				ASSETCATALOG_COMPILER_APPICON_NAME = AppIcon;
				CODE_SIGN_STYLE = Automatic;
				COMBINE_HIDPI_IMAGES = YES;
				DEVELOPMENT_TEAM = Y5GL7GR624;
				ENABLE_HARDENED_RUNTIME = YES;
				INFOPLIST_FILE = "$(SRCROOT)/Demo_Render/Resources/macOS/Info.plist";
				LD_RUNPATH_SEARCH_PATHS = (
					"$(inherited)",
					"@executable_path/../Frameworks",
				);
				MACOSX_DEPLOYMENT_TARGET = 10.15;
				PRODUCT_BUNDLE_IDENTIFIER = "com.RedSouL.Demo-Render";
				PRODUCT_NAME = Demo_Render;
				SDKROOT = macosx;
			};
			name = Release;
		};
/* End XCBuildConfiguration section */

/* Begin XCConfigurationList section */
		E72E738B2642999F00F4EC96 /* Build configuration list for PBXProject "Demo_Render" */ = {
			isa = XCConfigurationList;
			buildConfigurations = (
				E72E73D8264299AD00F4EC96 /* Debug */,
				E72E73D9264299AD00F4EC96 /* Release */,
			);
			defaultConfigurationIsVisible = 0;
			defaultConfigurationName = Release;
		};
		E72E73DA264299AD00F4EC96 /* Build configuration list for PBXNativeTarget "Demo_Render iOS" */ = {
			isa = XCConfigurationList;
			buildConfigurations = (
				E72E73DB264299AD00F4EC96 /* Debug */,
				E72E73DC264299AD00F4EC96 /* Release */,
			);
			defaultConfigurationIsVisible = 0;
			defaultConfigurationName = Release;
		};
		E72E73DD264299AD00F4EC96 /* Build configuration list for PBXNativeTarget "Demo_Render tvOS" */ = {
			isa = XCConfigurationList;
			buildConfigurations = (
				E72E73DE264299AD00F4EC96 /* Debug */,
				E72E73DF264299AD00F4EC96 /* Release */,
			);
			defaultConfigurationIsVisible = 0;
			defaultConfigurationName = Release;
		};
		E72E73E0264299AD00F4EC96 /* Build configuration list for PBXNativeTarget "Demo_Render macOS" */ = {
			isa = XCConfigurationList;
			buildConfigurations = (
				E72E73E1264299AD00F4EC96 /* Debug */,
				E72E73E2264299AD00F4EC96 /* Release */,
			);
			defaultConfigurationIsVisible = 0;
			defaultConfigurationName = Release;
		};
/* End XCConfigurationList section */
	};
	rootObject = E72E73882642999F00F4EC96 /* Project object */;
}
