// !$*UTF8*$!
{
	archiveVersion = 1;
	classes = {
	};
	objectVersion = 50;
	objects = {

/* Begin PBXBuildFile section */
		E72E74452643E2E800F4EC96 /* RS_MemoryHelper.hpp in Headers */ = {isa = PBXBuildFile; fileRef = E72E74442643E2E800F4EC96 /* RS_MemoryHelper.hpp */; };
		E72E744B2643E73600F4EC96 /* RS_MemoryHelper_Appl.mm in Sources */ = {isa = PBXBuildFile; fileRef = E72E744A2643E73600F4EC96 /* RS_MemoryHelper_Appl.mm */; };
		E72E744C2643E73600F4EC96 /* RS_MemoryHelper_Appl.mm in Sources */ = {isa = PBXBuildFile; fileRef = E72E744A2643E73600F4EC96 /* RS_MemoryHelper_Appl.mm */; };
		E72E744D2643E73600F4EC96 /* RS_MemoryHelper_Appl.mm in Sources */ = {isa = PBXBuildFile; fileRef = E72E744A2643E73600F4EC96 /* RS_MemoryHelper_Appl.mm */; };
		E72E744F264928E900F4EC96 /* RS_StlAllocator.hpp in Headers */ = {isa = PBXBuildFile; fileRef = E72E744E264928E900F4EC96 /* RS_StlAllocator.hpp */; };
		E72E74D4265E5BD400F4EC96 /* RS_Mutex.hpp in Headers */ = {isa = PBXBuildFile; fileRef = E72E74D3265E5BD400F4EC96 /* RS_Mutex.hpp */; };
		E72E74DA2666352A00F4EC96 /* RS_DevThread_Appl.mm in Sources */ = {isa = PBXBuildFile; fileRef = E72E74D92666352A00F4EC96 /* RS_DevThread_Appl.mm */; };
		E72E74DB2666352A00F4EC96 /* RS_DevThread_Appl.mm in Sources */ = {isa = PBXBuildFile; fileRef = E72E74D92666352A00F4EC96 /* RS_DevThread_Appl.mm */; };
		E72E74DC2666352A00F4EC96 /* RS_DevThread_Appl.mm in Sources */ = {isa = PBXBuildFile; fileRef = E72E74D92666352A00F4EC96 /* RS_DevThread_Appl.mm */; };
		E72E74DE26677E3100F4EC96 /* RS_DevThreadDefs.hpp in Headers */ = {isa = PBXBuildFile; fileRef = E72E74DD26677E3100F4EC96 /* RS_DevThreadDefs.hpp */; };
		E72E74E026677EE000F4EC96 /* RS_DevThread.hpp in Headers */ = {isa = PBXBuildFile; fileRef = E72E74DF26677EE000F4EC96 /* RS_DevThread.hpp */; };
		E72E74E42668D52600F4EC96 /* RS_MainDevThread.cpp in Sources */ = {isa = PBXBuildFile; fileRef = E72E74E32668D52600F4EC96 /* RS_MainDevThread.cpp */; };
		E72E74E52668D52600F4EC96 /* RS_MainDevThread.cpp in Sources */ = {isa = PBXBuildFile; fileRef = E72E74E32668D52600F4EC96 /* RS_MainDevThread.cpp */; };
		E72E74E62668D52600F4EC96 /* RS_MainDevThread.cpp in Sources */ = {isa = PBXBuildFile; fileRef = E72E74E32668D52600F4EC96 /* RS_MainDevThread.cpp */; };
		E785D15625BBDE470042292E /* RS_RuntimeHash.hpp in Headers */ = {isa = PBXBuildFile; fileRef = E785D15525BBDE470042292E /* RS_RuntimeHash.hpp */; };
		E785D15D25BC0DC20042292E /* RS_RuntimeHash.cpp in Sources */ = {isa = PBXBuildFile; fileRef = E785D15925BC0DC20042292E /* RS_RuntimeHash.cpp */; };
		E785D15E25BC0DC20042292E /* RS_RuntimeHash.cpp in Sources */ = {isa = PBXBuildFile; fileRef = E785D15925BC0DC20042292E /* RS_RuntimeHash.cpp */; };
		E785D15F25BC0DC20042292E /* RS_RuntimeHash.cpp in Sources */ = {isa = PBXBuildFile; fileRef = E785D15925BC0DC20042292E /* RS_RuntimeHash.cpp */; };
		E785D16625BC0E930042292E /* xxhash.cpp in Sources */ = {isa = PBXBuildFile; fileRef = E785D16225BC0E930042292E /* xxhash.cpp */; };
		E785D16725BC0E930042292E /* xxhash.cpp in Sources */ = {isa = PBXBuildFile; fileRef = E785D16225BC0E930042292E /* xxhash.cpp */; };
		E785D16825BC0E930042292E /* xxhash.cpp in Sources */ = {isa = PBXBuildFile; fileRef = E785D16225BC0E930042292E /* xxhash.cpp */; };
		E785D16925BC0E930042292E /* murmurhash3.cpp in Sources */ = {isa = PBXBuildFile; fileRef = E785D16325BC0E930042292E /* murmurhash3.cpp */; };
		E785D16A25BC0E930042292E /* murmurhash3.cpp in Sources */ = {isa = PBXBuildFile; fileRef = E785D16325BC0E930042292E /* murmurhash3.cpp */; };
		E785D16B25BC0E930042292E /* murmurhash3.cpp in Sources */ = {isa = PBXBuildFile; fileRef = E785D16325BC0E930042292E /* murmurhash3.cpp */; };
		E785D16C25BC0E930042292E /* murmurhash3.hpp in Headers */ = {isa = PBXBuildFile; fileRef = E785D16425BC0E930042292E /* murmurhash3.hpp */; };
		E785D16D25BC0E930042292E /* xxhash.hpp in Headers */ = {isa = PBXBuildFile; fileRef = E785D16525BC0E930042292E /* xxhash.hpp */; };
		E785D16F25BC198A0042292E /* RS_CompiletimeHash.hpp in Headers */ = {isa = PBXBuildFile; fileRef = E785D16E25BC198A0042292E /* RS_CompiletimeHash.hpp */; };
		E785D1A325BEB94F0042292E /* RS_Time.hpp in Headers */ = {isa = PBXBuildFile; fileRef = E785D1A225BEB94F0042292E /* RS_Time.hpp */; };
		E785D1A525BEB9630042292E /* RS_ThreadHelper.hpp in Headers */ = {isa = PBXBuildFile; fileRef = E785D1A425BEB9630042292E /* RS_ThreadHelper.hpp */; };
		E785D1BC25BEB9BD0042292E /* RS_ThreadHelper_Appl.mm in Sources */ = {isa = PBXBuildFile; fileRef = E785D1BB25BEB9BD0042292E /* RS_ThreadHelper_Appl.mm */; };
		E785D1BD25BEB9BD0042292E /* RS_ThreadHelper_Appl.mm in Sources */ = {isa = PBXBuildFile; fileRef = E785D1BB25BEB9BD0042292E /* RS_ThreadHelper_Appl.mm */; };
		E785D1BE25BEB9BD0042292E /* RS_ThreadHelper_Appl.mm in Sources */ = {isa = PBXBuildFile; fileRef = E785D1BB25BEB9BD0042292E /* RS_ThreadHelper_Appl.mm */; };
		E785D1C025BEB9CA0042292E /* RS_Time_Appl.mm in Sources */ = {isa = PBXBuildFile; fileRef = E785D1BF25BEB9CA0042292E /* RS_Time_Appl.mm */; };
		E785D1C125BEB9CA0042292E /* RS_Time_Appl.mm in Sources */ = {isa = PBXBuildFile; fileRef = E785D1BF25BEB9CA0042292E /* RS_Time_Appl.mm */; };
		E785D1C225BEB9CA0042292E /* RS_Time_Appl.mm in Sources */ = {isa = PBXBuildFile; fileRef = E785D1BF25BEB9CA0042292E /* RS_Time_Appl.mm */; };
		E785D1CB25BF95760042292E /* RS_Logging.hpp in Headers */ = {isa = PBXBuildFile; fileRef = E785D1CA25BF95760042292E /* RS_Logging.hpp */; };
		E785D1D025BFA8540042292E /* RS_StatsIterator.hpp in Headers */ = {isa = PBXBuildFile; fileRef = E785D1CD25BFA8540042292E /* RS_StatsIterator.hpp */; };
		E785D1D125BFA8540042292E /* RS_Profiling.hpp in Headers */ = {isa = PBXBuildFile; fileRef = E785D1CE25BFA8540042292E /* RS_Profiling.hpp */; };
		E785D1D825BFA8770042292E /* RS_StatsNode.hpp in Headers */ = {isa = PBXBuildFile; fileRef = E785D1D225BFA8770042292E /* RS_StatsNode.hpp */; };
		E785D1D925BFA8770042292E /* RS_SampleMgr.hpp in Headers */ = {isa = PBXBuildFile; fileRef = E785D1D325BFA8770042292E /* RS_SampleMgr.hpp */; };
		E785D1DA25BFA8770042292E /* RS_SampleMgr.cpp in Sources */ = {isa = PBXBuildFile; fileRef = E785D1D425BFA8770042292E /* RS_SampleMgr.cpp */; };
		E785D1DB25BFA8770042292E /* RS_SampleMgr.cpp in Sources */ = {isa = PBXBuildFile; fileRef = E785D1D425BFA8770042292E /* RS_SampleMgr.cpp */; };
		E785D1DC25BFA8770042292E /* RS_SampleMgr.cpp in Sources */ = {isa = PBXBuildFile; fileRef = E785D1D425BFA8770042292E /* RS_SampleMgr.cpp */; };
		E785D1E025BFA8770042292E /* RS_SampleNode.hpp in Headers */ = {isa = PBXBuildFile; fileRef = E785D1D625BFA8770042292E /* RS_SampleNode.hpp */; };
		E785D1E125BFA8770042292E /* RS_StatsIterator.cpp in Sources */ = {isa = PBXBuildFile; fileRef = E785D1D725BFA8770042292E /* RS_StatsIterator.cpp */; };
		E785D1E225BFA8770042292E /* RS_StatsIterator.cpp in Sources */ = {isa = PBXBuildFile; fileRef = E785D1D725BFA8770042292E /* RS_StatsIterator.cpp */; };
		E785D1E325BFA8770042292E /* RS_StatsIterator.cpp in Sources */ = {isa = PBXBuildFile; fileRef = E785D1D725BFA8770042292E /* RS_StatsIterator.cpp */; };
		E785D1E525BFA89C0042292E /* RS_Profiling.cpp in Sources */ = {isa = PBXBuildFile; fileRef = E785D1E425BFA89C0042292E /* RS_Profiling.cpp */; };
		E785D1E625BFA89C0042292E /* RS_Profiling.cpp in Sources */ = {isa = PBXBuildFile; fileRef = E785D1E425BFA89C0042292E /* RS_Profiling.cpp */; };
		E785D1E725BFA89C0042292E /* RS_Profiling.cpp in Sources */ = {isa = PBXBuildFile; fileRef = E785D1E425BFA89C0042292E /* RS_Profiling.cpp */; };
		E785D1F925C258110042292E /* RS_Logging.cpp in Sources */ = {isa = PBXBuildFile; fileRef = E785D1F625C258100042292E /* RS_Logging.cpp */; };
		E785D1FA25C258110042292E /* RS_Logging.cpp in Sources */ = {isa = PBXBuildFile; fileRef = E785D1F625C258100042292E /* RS_Logging.cpp */; };
		E785D1FB25C258110042292E /* RS_Logging.cpp in Sources */ = {isa = PBXBuildFile; fileRef = E785D1F625C258100042292E /* RS_Logging.cpp */; };
		E785D1FC25C258110042292E /* RS_LoggingMgr.hpp in Headers */ = {isa = PBXBuildFile; fileRef = E785D1F725C258110042292E /* RS_LoggingMgr.hpp */; };
		E785D1FD25C258110042292E /* RS_LoggingMgr.cpp in Sources */ = {isa = PBXBuildFile; fileRef = E785D1F825C258110042292E /* RS_LoggingMgr.cpp */; };
		E785D1FE25C258110042292E /* RS_LoggingMgr.cpp in Sources */ = {isa = PBXBuildFile; fileRef = E785D1F825C258110042292E /* RS_LoggingMgr.cpp */; };
		E785D1FF25C258110042292E /* RS_LoggingMgr.cpp in Sources */ = {isa = PBXBuildFile; fileRef = E785D1F825C258110042292E /* RS_LoggingMgr.cpp */; };
		E785D20125C25E410042292E /* RS_Logger.hpp in Headers */ = {isa = PBXBuildFile; fileRef = E785D20025C25E410042292E /* RS_Logger.hpp */; };
		E785D20425C25FDF0042292E /* RS_ConsoleLogger.cpp in Sources */ = {isa = PBXBuildFile; fileRef = E785D20225C25FDF0042292E /* RS_ConsoleLogger.cpp */; };
		E785D20525C25FDF0042292E /* RS_ConsoleLogger.cpp in Sources */ = {isa = PBXBuildFile; fileRef = E785D20225C25FDF0042292E /* RS_ConsoleLogger.cpp */; };
		E785D20625C25FDF0042292E /* RS_ConsoleLogger.cpp in Sources */ = {isa = PBXBuildFile; fileRef = E785D20225C25FDF0042292E /* RS_ConsoleLogger.cpp */; };
		E785D20725C25FDF0042292E /* RS_ConsoleLogger.hpp in Headers */ = {isa = PBXBuildFile; fileRef = E785D20325C25FDF0042292E /* RS_ConsoleLogger.hpp */; };
		E785D20925C2693E0042292E /* RS_ConsoleLogger_Appl.mm in Sources */ = {isa = PBXBuildFile; fileRef = E785D20825C2693E0042292E /* RS_ConsoleLogger_Appl.mm */; };
		E785D20A25C2693E0042292E /* RS_ConsoleLogger_Appl.mm in Sources */ = {isa = PBXBuildFile; fileRef = E785D20825C2693E0042292E /* RS_ConsoleLogger_Appl.mm */; };
		E785D20B25C2693E0042292E /* RS_ConsoleLogger_Appl.mm in Sources */ = {isa = PBXBuildFile; fileRef = E785D20825C2693E0042292E /* RS_ConsoleLogger_Appl.mm */; };
		E785D20D25C270D00042292E /* RS_Logger.cpp in Sources */ = {isa = PBXBuildFile; fileRef = E785D20C25C270D00042292E /* RS_Logger.cpp */; };
		E785D20E25C270D00042292E /* RS_Logger.cpp in Sources */ = {isa = PBXBuildFile; fileRef = E785D20C25C270D00042292E /* RS_Logger.cpp */; };
		E785D20F25C270D00042292E /* RS_Logger.cpp in Sources */ = {isa = PBXBuildFile; fileRef = E785D20C25C270D00042292E /* RS_Logger.cpp */; };
		E785D21725C4C2710042292E /* RS_DumbLogger.hpp in Headers */ = {isa = PBXBuildFile; fileRef = E785D21325C4C2710042292E /* RS_DumbLogger.hpp */; };
		E785D22225C611F00042292E /* RS_NativeFileSystem.hpp in Headers */ = {isa = PBXBuildFile; fileRef = E785D22125C611F00042292E /* RS_NativeFileSystem.hpp */; };
		E785D22625C650D00042292E /* RS_NativeFileSystem.cpp in Sources */ = {isa = PBXBuildFile; fileRef = E785D22525C650D00042292E /* RS_NativeFileSystem.cpp */; };
		E785D22725C650D00042292E /* RS_NativeFileSystem.cpp in Sources */ = {isa = PBXBuildFile; fileRef = E785D22525C650D00042292E /* RS_NativeFileSystem.cpp */; };
		E785D22825C650D00042292E /* RS_NativeFileSystem.cpp in Sources */ = {isa = PBXBuildFile; fileRef = E785D22525C650D00042292E /* RS_NativeFileSystem.cpp */; };
		E785D22B25C654810042292E /* RS_NativeFileSystem_Appl.mm in Sources */ = {isa = PBXBuildFile; fileRef = E785D22A25C654810042292E /* RS_NativeFileSystem_Appl.mm */; };
		E785D22C25C654810042292E /* RS_NativeFileSystem_Appl.mm in Sources */ = {isa = PBXBuildFile; fileRef = E785D22A25C654810042292E /* RS_NativeFileSystem_Appl.mm */; };
		E785D22D25C654810042292E /* RS_NativeFileSystem_Appl.mm in Sources */ = {isa = PBXBuildFile; fileRef = E785D22A25C654810042292E /* RS_NativeFileSystem_Appl.mm */; };
		E785D23225C93FAB0042292E /* RS_RuntimeText.hpp in Headers */ = {isa = PBXBuildFile; fileRef = E785D23125C93FAB0042292E /* RS_RuntimeText.hpp */; };
		E785D23525C940BD0042292E /* RS_RuntimeText.cpp in Sources */ = {isa = PBXBuildFile; fileRef = E785D23425C940BD0042292E /* RS_RuntimeText.cpp */; };
		E785D23625C940BD0042292E /* RS_RuntimeText.cpp in Sources */ = {isa = PBXBuildFile; fileRef = E785D23425C940BD0042292E /* RS_RuntimeText.cpp */; };
		E785D23725C940BD0042292E /* RS_RuntimeText.cpp in Sources */ = {isa = PBXBuildFile; fileRef = E785D23425C940BD0042292E /* RS_RuntimeText.cpp */; };
		E7897F17267757B3001893D8 /* RS_DevThreadDataBase.hpp in Headers */ = {isa = PBXBuildFile; fileRef = E7897F13267757B3001893D8 /* RS_DevThreadDataBase.hpp */; };
		E7897F18267757B3001893D8 /* RS_DevThreadDataBase.cpp in Sources */ = {isa = PBXBuildFile; fileRef = E7897F14267757B3001893D8 /* RS_DevThreadDataBase.cpp */; };
		E7897F19267757B3001893D8 /* RS_DevThreadDataBase.cpp in Sources */ = {isa = PBXBuildFile; fileRef = E7897F14267757B3001893D8 /* RS_DevThreadDataBase.cpp */; };
		E7897F1A267757B3001893D8 /* RS_DevThreadDataBase.cpp in Sources */ = {isa = PBXBuildFile; fileRef = E7897F14267757B3001893D8 /* RS_DevThreadDataBase.cpp */; };
		E7897F1B267757B3001893D8 /* RS_ThreadHelper.cpp in Sources */ = {isa = PBXBuildFile; fileRef = E7897F15267757B3001893D8 /* RS_ThreadHelper.cpp */; };
		E7897F1C267757B3001893D8 /* RS_ThreadHelper.cpp in Sources */ = {isa = PBXBuildFile; fileRef = E7897F15267757B3001893D8 /* RS_ThreadHelper.cpp */; };
		E7897F1D267757B3001893D8 /* RS_ThreadHelper.cpp in Sources */ = {isa = PBXBuildFile; fileRef = E7897F15267757B3001893D8 /* RS_ThreadHelper.cpp */; };
		E7897F1E267757B3001893D8 /* RS_MainDevThread.hpp in Headers */ = {isa = PBXBuildFile; fileRef = E7897F16267757B3001893D8 /* RS_MainDevThread.hpp */; };
		E7897F2026775AA3001893D8 /* RS_MainDevThread_Appl.mm in Sources */ = {isa = PBXBuildFile; fileRef = E7897F1F26775AA3001893D8 /* RS_MainDevThread_Appl.mm */; };
		E7897F2126775AA3001893D8 /* RS_MainDevThread_Appl.mm in Sources */ = {isa = PBXBuildFile; fileRef = E7897F1F26775AA3001893D8 /* RS_MainDevThread_Appl.mm */; };
		E7897F2226775AA3001893D8 /* RS_MainDevThread_Appl.mm in Sources */ = {isa = PBXBuildFile; fileRef = E7897F1F26775AA3001893D8 /* RS_MainDevThread_Appl.mm */; };
		E7897F242679FB75001893D8 /* RS_ReaderWriterLock.hpp in Headers */ = {isa = PBXBuildFile; fileRef = E7897F232679FB75001893D8 /* RS_ReaderWriterLock.hpp */; };
		E7897F26267B4D25001893D8 /* RS_Mutex_Appl.mm in Sources */ = {isa = PBXBuildFile; fileRef = E7897F25267B4D25001893D8 /* RS_Mutex_Appl.mm */; };
		E7897F27267B4D25001893D8 /* RS_Mutex_Appl.mm in Sources */ = {isa = PBXBuildFile; fileRef = E7897F25267B4D25001893D8 /* RS_Mutex_Appl.mm */; };
		E7897F28267B4D25001893D8 /* RS_Mutex_Appl.mm in Sources */ = {isa = PBXBuildFile; fileRef = E7897F25267B4D25001893D8 /* RS_Mutex_Appl.mm */; };
		E7897F2C267CA494001893D8 /* RS_AutoResetEvent.hpp in Headers */ = {isa = PBXBuildFile; fileRef = E7897F2B267CA494001893D8 /* RS_AutoResetEvent.hpp */; };
		E7897F2E267DEAF6001893D8 /* RS_AutoResetEvent_Appl.mm in Sources */ = {isa = PBXBuildFile; fileRef = E7897F2D267DEAF6001893D8 /* RS_AutoResetEvent_Appl.mm */; };
		E7897F2F267DEAF6001893D8 /* RS_AutoResetEvent_Appl.mm in Sources */ = {isa = PBXBuildFile; fileRef = E7897F2D267DEAF6001893D8 /* RS_AutoResetEvent_Appl.mm */; };
		E7897F30267DEAF6001893D8 /* RS_AutoResetEvent_Appl.mm in Sources */ = {isa = PBXBuildFile; fileRef = E7897F2D267DEAF6001893D8 /* RS_AutoResetEvent_Appl.mm */; };
		E7897F34267F4073001893D8 /* RS_ReaderWriterLock_Appl.mm in Sources */ = {isa = PBXBuildFile; fileRef = E7897F33267F4073001893D8 /* RS_ReaderWriterLock_Appl.mm */; };
		E7897F35267F4073001893D8 /* RS_ReaderWriterLock_Appl.mm in Sources */ = {isa = PBXBuildFile; fileRef = E7897F33267F4073001893D8 /* RS_ReaderWriterLock_Appl.mm */; };
		E7897F36267F4073001893D8 /* RS_ReaderWriterLock_Appl.mm in Sources */ = {isa = PBXBuildFile; fileRef = E7897F33267F4073001893D8 /* RS_ReaderWriterLock_Appl.mm */; };
		E7897F3A2695A7FD001893D8 /* RS_PPM_IO.hpp in Headers */ = {isa = PBXBuildFile; fileRef = E7897F392695A7FD001893D8 /* RS_PPM_IO.hpp */; };
		E7897F3E2695A925001893D8 /* RS_PPM_IO.cpp in Sources */ = {isa = PBXBuildFile; fileRef = E7897F3D2695A925001893D8 /* RS_PPM_IO.cpp */; };
		E7897F3F2695A925001893D8 /* RS_PPM_IO.cpp in Sources */ = {isa = PBXBuildFile; fileRef = E7897F3D2695A925001893D8 /* RS_PPM_IO.cpp */; };
		E7897F402695A925001893D8 /* RS_PPM_IO.cpp in Sources */ = {isa = PBXBuildFile; fileRef = E7897F3D2695A925001893D8 /* RS_PPM_IO.cpp */; };
		E79544C725DDCE53005D3B41 /* RS_NativeFile_Appl.mm in Sources */ = {isa = PBXBuildFile; fileRef = E79544C625DDCE53005D3B41 /* RS_NativeFile_Appl.mm */; };
		E79544C825DDCE53005D3B41 /* RS_NativeFile_Appl.mm in Sources */ = {isa = PBXBuildFile; fileRef = E79544C625DDCE53005D3B41 /* RS_NativeFile_Appl.mm */; };
		E79544C925DDCE53005D3B41 /* RS_NativeFile_Appl.mm in Sources */ = {isa = PBXBuildFile; fileRef = E79544C625DDCE53005D3B41 /* RS_NativeFile_Appl.mm */; };
		E79544CB25DDCF8C005D3B41 /* RS_NativeFile_Appl.hpp in Headers */ = {isa = PBXBuildFile; fileRef = E79544CA25DDCF8C005D3B41 /* RS_NativeFile_Appl.hpp */; };
		E79544CD25DF07C8005D3B41 /* RS_FileStream.hpp in Headers */ = {isa = PBXBuildFile; fileRef = E79544CC25DF07C8005D3B41 /* RS_FileStream.hpp */; };
		E79544D325DF0953005D3B41 /* RS_FileStream_Appl.mm in Sources */ = {isa = PBXBuildFile; fileRef = E79544D225DF0953005D3B41 /* RS_FileStream_Appl.mm */; };
		E79544D425DF0953005D3B41 /* RS_FileStream_Appl.mm in Sources */ = {isa = PBXBuildFile; fileRef = E79544D225DF0953005D3B41 /* RS_FileStream_Appl.mm */; };
		E79544D525DF0953005D3B41 /* RS_FileStream_Appl.mm in Sources */ = {isa = PBXBuildFile; fileRef = E79544D225DF0953005D3B41 /* RS_FileStream_Appl.mm */; };
		E79544D725DFAE3B005D3B41 /* RS_FileReadStream.hpp in Headers */ = {isa = PBXBuildFile; fileRef = E79544D625DFAE3B005D3B41 /* RS_FileReadStream.hpp */; };
		E79544D925DFAE5A005D3B41 /* RS_FileWriteStream.hpp in Headers */ = {isa = PBXBuildFile; fileRef = E79544D825DFAE5A005D3B41 /* RS_FileWriteStream.hpp */; };
		E79544DB25E4812F005D3B41 /* RS_FileStreamHelper_Appl.hpp in Headers */ = {isa = PBXBuildFile; fileRef = E79544DA25E4812F005D3B41 /* RS_FileStreamHelper_Appl.hpp */; };
		E79544DD25E4F11E005D3B41 /* RS_FileReadStream_Appl.mm in Sources */ = {isa = PBXBuildFile; fileRef = E79544DC25E4F11E005D3B41 /* RS_FileReadStream_Appl.mm */; };
		E79544DE25E4F11E005D3B41 /* RS_FileReadStream_Appl.mm in Sources */ = {isa = PBXBuildFile; fileRef = E79544DC25E4F11E005D3B41 /* RS_FileReadStream_Appl.mm */; };
		E79544DF25E4F11E005D3B41 /* RS_FileReadStream_Appl.mm in Sources */ = {isa = PBXBuildFile; fileRef = E79544DC25E4F11E005D3B41 /* RS_FileReadStream_Appl.mm */; };
		E79544E125E4F157005D3B41 /* RS_FileWriteStream_Appl.mm in Sources */ = {isa = PBXBuildFile; fileRef = E79544E025E4F157005D3B41 /* RS_FileWriteStream_Appl.mm */; };
		E79544E225E4F157005D3B41 /* RS_FileWriteStream_Appl.mm in Sources */ = {isa = PBXBuildFile; fileRef = E79544E025E4F157005D3B41 /* RS_FileWriteStream_Appl.mm */; };
		E79544E325E4F157005D3B41 /* RS_FileWriteStream_Appl.mm in Sources */ = {isa = PBXBuildFile; fileRef = E79544E025E4F157005D3B41 /* RS_FileWriteStream_Appl.mm */; };
		E79544E525E5ADF8005D3B41 /* RS_FileStreamHelper.hpp in Headers */ = {isa = PBXBuildFile; fileRef = E79544E425E5ADF8005D3B41 /* RS_FileStreamHelper.hpp */; };
		E79544E925EA4247005D3B41 /* RS_TextFileReader.hpp in Headers */ = {isa = PBXBuildFile; fileRef = E79544E725EA4247005D3B41 /* RS_TextFileReader.hpp */; };
		E79544EF25EA428F005D3B41 /* RS_TextFileReader.cpp in Sources */ = {isa = PBXBuildFile; fileRef = E79544EB25EA428F005D3B41 /* RS_TextFileReader.cpp */; };
		E79544F025EA428F005D3B41 /* RS_TextFileReader.cpp in Sources */ = {isa = PBXBuildFile; fileRef = E79544EB25EA428F005D3B41 /* RS_TextFileReader.cpp */; };
		E79544F125EA428F005D3B41 /* RS_TextFileReader.cpp in Sources */ = {isa = PBXBuildFile; fileRef = E79544EB25EA428F005D3B41 /* RS_TextFileReader.cpp */; };
		E79544F325EB4657005D3B41 /* RS_TextHelper.hpp in Headers */ = {isa = PBXBuildFile; fileRef = E79544F225EB4657005D3B41 /* RS_TextHelper.hpp */; };
		E79544F525EB473C005D3B41 /* RS_TextHelper.cpp in Sources */ = {isa = PBXBuildFile; fileRef = E79544F425EB473C005D3B41 /* RS_TextHelper.cpp */; };
		E79544F625EB473C005D3B41 /* RS_TextHelper.cpp in Sources */ = {isa = PBXBuildFile; fileRef = E79544F425EB473C005D3B41 /* RS_TextHelper.cpp */; };
		E79544F725EB473C005D3B41 /* RS_TextHelper.cpp in Sources */ = {isa = PBXBuildFile; fileRef = E79544F425EB473C005D3B41 /* RS_TextHelper.cpp */; };
		E79544F925EDF4DB005D3B41 /* RS_UTF16Text.hpp in Headers */ = {isa = PBXBuildFile; fileRef = E79544F825EDF4DB005D3B41 /* RS_UTF16Text.hpp */; };
		E79544FB25EE2BF6005D3B41 /* RS_UTF16Text.cpp in Sources */ = {isa = PBXBuildFile; fileRef = E79544FA25EE2BF6005D3B41 /* RS_UTF16Text.cpp */; };
		E79544FC25EE2BF6005D3B41 /* RS_UTF16Text.cpp in Sources */ = {isa = PBXBuildFile; fileRef = E79544FA25EE2BF6005D3B41 /* RS_UTF16Text.cpp */; };
		E79544FD25EE2BF6005D3B41 /* RS_UTF16Text.cpp in Sources */ = {isa = PBXBuildFile; fileRef = E79544FA25EE2BF6005D3B41 /* RS_UTF16Text.cpp */; };
		E795450325F2EE12005D3B41 /* RS_BitOperationHelper.hpp in Headers */ = {isa = PBXBuildFile; fileRef = E795450225F2EE12005D3B41 /* RS_BitOperationHelper.hpp */; };
		E795450625F2EE32005D3B41 /* RS_EndiannessHelper.hpp in Headers */ = {isa = PBXBuildFile; fileRef = E795450525F2EE32005D3B41 /* RS_EndiannessHelper.hpp */; };
		E795450925F2F598005D3B41 /* RS_EndiannessHelper.cpp in Sources */ = {isa = PBXBuildFile; fileRef = E795450825F2F598005D3B41 /* RS_EndiannessHelper.cpp */; };
		E795450A25F2F598005D3B41 /* RS_EndiannessHelper.cpp in Sources */ = {isa = PBXBuildFile; fileRef = E795450825F2F598005D3B41 /* RS_EndiannessHelper.cpp */; };
		E795450B25F2F598005D3B41 /* RS_EndiannessHelper.cpp in Sources */ = {isa = PBXBuildFile; fileRef = E795450825F2F598005D3B41 /* RS_EndiannessHelper.cpp */; };
		E795450D25F365D2005D3B41 /* RS_EndiannessHelper_Appl.mm in Sources */ = {isa = PBXBuildFile; fileRef = E795450C25F365D2005D3B41 /* RS_EndiannessHelper_Appl.mm */; };
		E795450E25F365D2005D3B41 /* RS_EndiannessHelper_Appl.mm in Sources */ = {isa = PBXBuildFile; fileRef = E795450C25F365D2005D3B41 /* RS_EndiannessHelper_Appl.mm */; };
		E795450F25F365D2005D3B41 /* RS_EndiannessHelper_Appl.mm in Sources */ = {isa = PBXBuildFile; fileRef = E795450C25F365D2005D3B41 /* RS_EndiannessHelper_Appl.mm */; };
		E795453226004176005D3B41 /* RS_XXTEA.hpp in Headers */ = {isa = PBXBuildFile; fileRef = E795453126004176005D3B41 /* RS_XXTEA.hpp */; };
		E79545352600418E005D3B41 /* RS_XXTEA.cpp in Sources */ = {isa = PBXBuildFile; fileRef = E79545342600418E005D3B41 /* RS_XXTEA.cpp */; };
		E79545362600418E005D3B41 /* RS_XXTEA.cpp in Sources */ = {isa = PBXBuildFile; fileRef = E79545342600418E005D3B41 /* RS_XXTEA.cpp */; };
		E79545372600418E005D3B41 /* RS_XXTEA.cpp in Sources */ = {isa = PBXBuildFile; fileRef = E79545342600418E005D3B41 /* RS_XXTEA.cpp */; };
		E79545412601F0E3005D3B41 /* RS_MatheFuncs.hpp in Headers */ = {isa = PBXBuildFile; fileRef = E79545402601F0E3005D3B41 /* RS_MatheFuncs.hpp */; };
		E795454426040B64005D3B41 /* RS_MatheFuncs.cpp in Sources */ = {isa = PBXBuildFile; fileRef = E795454326040B64005D3B41 /* RS_MatheFuncs.cpp */; };
		E795454526040B64005D3B41 /* RS_MatheFuncs.cpp in Sources */ = {isa = PBXBuildFile; fileRef = E795454326040B64005D3B41 /* RS_MatheFuncs.cpp */; };
		E795454626040B64005D3B41 /* RS_MatheFuncs.cpp in Sources */ = {isa = PBXBuildFile; fileRef = E795454326040B64005D3B41 /* RS_MatheFuncs.cpp */; };
		E795454826041184005D3B41 /* RS_MatheDefs.hpp in Headers */ = {isa = PBXBuildFile; fileRef = E795454726041184005D3B41 /* RS_MatheDefs.hpp */; };
		E795454A2606AA97005D3B41 /* RS_FloatPointFuncs.cpp in Sources */ = {isa = PBXBuildFile; fileRef = E79545492606AA97005D3B41 /* RS_FloatPointFuncs.cpp */; };
		E795454B2606AA97005D3B41 /* RS_FloatPointFuncs.cpp in Sources */ = {isa = PBXBuildFile; fileRef = E79545492606AA97005D3B41 /* RS_FloatPointFuncs.cpp */; };
		E795454C2606AA97005D3B41 /* RS_FloatPointFuncs.cpp in Sources */ = {isa = PBXBuildFile; fileRef = E79545492606AA97005D3B41 /* RS_FloatPointFuncs.cpp */; };
		E795454E2606AAAB005D3B41 /* RS_FloatPointFuncs.hpp in Headers */ = {isa = PBXBuildFile; fileRef = E795454D2606AAAB005D3B41 /* RS_FloatPointFuncs.hpp */; };
		E7A858E825B6DCA60088515D /* RS_RuntimeAssert.hpp in Headers */ = {isa = PBXBuildFile; fileRef = E7A858E625B6DCA60088515D /* RS_RuntimeAssert.hpp */; };
		E7A858E925B6DCA60088515D /* RS_CompiletimeAssert.hpp in Headers */ = {isa = PBXBuildFile; fileRef = E7A858E725B6DCA60088515D /* RS_CompiletimeAssert.hpp */; };
		E7A858EF25B6DD1A0088515D /* RS_CompilerDefs.hpp in Headers */ = {isa = PBXBuildFile; fileRef = E7A858EC25B6DD1A0088515D /* RS_CompilerDefs.hpp */; };
		E7A858F025B6DD1A0088515D /* RS_OsDefs.hpp in Headers */ = {isa = PBXBuildFile; fileRef = E7A858ED25B6DD1A0088515D /* RS_OsDefs.hpp */; };
		E7A858F125B6DD1A0088515D /* RS_CommonDefs.hpp in Headers */ = {isa = PBXBuildFile; fileRef = E7A858EE25B6DD1A0088515D /* RS_CommonDefs.hpp */; };
		E7A858F325B6DD290088515D /* PrecompiledH.hpp in Headers */ = {isa = PBXBuildFile; fileRef = E7A858F225B6DD290088515D /* PrecompiledH.hpp */; };
		E7A858F525B6DD3D0088515D /* RS_RuntimeAssert_Appl.mm in Sources */ = {isa = PBXBuildFile; fileRef = E7A858F425B6DD3D0088515D /* RS_RuntimeAssert_Appl.mm */; };
		E7A858F625B6DD3D0088515D /* RS_RuntimeAssert_Appl.mm in Sources */ = {isa = PBXBuildFile; fileRef = E7A858F425B6DD3D0088515D /* RS_RuntimeAssert_Appl.mm */; };
		E7A858F725B6DD3D0088515D /* RS_RuntimeAssert_Appl.mm in Sources */ = {isa = PBXBuildFile; fileRef = E7A858F425B6DD3D0088515D /* RS_RuntimeAssert_Appl.mm */; };
		E7A858FD25B78A680088515D /* RS_DataTypeDefs.hpp in Headers */ = {isa = PBXBuildFile; fileRef = E7A858FC25B78A680088515D /* RS_DataTypeDefs.hpp */; };
		E7A858FF25B7CE250088515D /* TODO.txt in Headers */ = {isa = PBXBuildFile; fileRef = E7A858FE25B7CE250088515D /* TODO.txt */; };
		E7B32F7E2618694600B8583B /* RS_Codec.hpp in Headers */ = {isa = PBXBuildFile; fileRef = E7B32F7D2618694600B8583B /* RS_Codec.hpp */; };
		E7B32FAF261B0EF400B8583B /* RS_TextFileWriter.hpp in Headers */ = {isa = PBXBuildFile; fileRef = E7B32FAE261B0EF400B8583B /* RS_TextFileWriter.hpp */; };
		E7B32FB1261C5AEA00B8583B /* RS_TextFileWriter.cpp in Sources */ = {isa = PBXBuildFile; fileRef = E7B32FB0261C5AEA00B8583B /* RS_TextFileWriter.cpp */; };
		E7B32FB2261C5AEA00B8583B /* RS_TextFileWriter.cpp in Sources */ = {isa = PBXBuildFile; fileRef = E7B32FB0261C5AEA00B8583B /* RS_TextFileWriter.cpp */; };
		E7B32FB3261C5AEA00B8583B /* RS_TextFileWriter.cpp in Sources */ = {isa = PBXBuildFile; fileRef = E7B32FB0261C5AEA00B8583B /* RS_TextFileWriter.cpp */; };
		E7B32FB5262995D900B8583B /* RS_BitOperationHelper.cpp in Sources */ = {isa = PBXBuildFile; fileRef = E7B32FB4262995D900B8583B /* RS_BitOperationHelper.cpp */; };
		E7B32FB6262995D900B8583B /* RS_BitOperationHelper.cpp in Sources */ = {isa = PBXBuildFile; fileRef = E7B32FB4262995D900B8583B /* RS_BitOperationHelper.cpp */; };
		E7B32FB7262995D900B8583B /* RS_BitOperationHelper.cpp in Sources */ = {isa = PBXBuildFile; fileRef = E7B32FB4262995D900B8583B /* RS_BitOperationHelper.cpp */; };
		E7B32FBB262A5B1900B8583B /* RS_BitOperationHelper_Appl.mm in Sources */ = {isa = PBXBuildFile; fileRef = E7B32FBA262A5B1900B8583B /* RS_BitOperationHelper_Appl.mm */; };
		E7B32FBC262A5B1900B8583B /* RS_BitOperationHelper_Appl.mm in Sources */ = {isa = PBXBuildFile; fileRef = E7B32FBA262A5B1900B8583B /* RS_BitOperationHelper_Appl.mm */; };
		E7B32FBD262A5B1900B8583B /* RS_BitOperationHelper_Appl.mm in Sources */ = {isa = PBXBuildFile; fileRef = E7B32FBA262A5B1900B8583B /* RS_BitOperationHelper_Appl.mm */; };
		E7B32FE9262D7C8200B8583B /* Real16_32_convert_table.hpp in Headers */ = {isa = PBXBuildFile; fileRef = E7B32FE8262D7C8200B8583B /* Real16_32_convert_table.hpp */; };
/* End PBXBuildFile section */

/* Begin PBXCopyFilesBuildPhase section */
		E718851025B2911500B8266B /* CopyFiles */ = {
			isa = PBXCopyFilesBuildPhase;
			buildActionMask = 2147483647;
			dstPath = "include/$(PRODUCT_NAME)";
			dstSubfolderSpec = 16;
			files = (
			);
			runOnlyForDeploymentPostprocessing = 0;
		};
		E7A858BC25B2E1680088515D /* CopyFiles */ = {
			isa = PBXCopyFilesBuildPhase;
			buildActionMask = 2147483647;
			dstPath = "include/$(PRODUCT_NAME)";
			dstSubfolderSpec = 16;
			files = (
			);
			runOnlyForDeploymentPostprocessing = 0;
		};
/* End PBXCopyFilesBuildPhase section */

/* Begin PBXFileReference section */
		E71884FE25B28C4800B8266B /* libCore-macOS.a */ = {isa = PBXFileReference; explicitFileType = archive.ar; includeInIndex = 0; name = "libCore-macOS.a"; path = "libCore-macosx.a"; sourceTree = BUILT_PRODUCTS_DIR; };
		E718851225B2911500B8266B /* libCore-iOS.a */ = {isa = PBXFileReference; explicitFileType = archive.ar; includeInIndex = 0; name = "libCore-iOS.a"; path = "libCore-iphonesimulator iphoneos.a"; sourceTree = BUILT_PRODUCTS_DIR; };
		E72E7380263AB55000F4EC96 /* ReadME.txt */ = {isa = PBXFileReference; fileEncoding = 4; lastKnownFileType = text; lineEnding = 0; name = ReadME.txt; path = Core/Memory/ReadME.txt; sourceTree = "<group>"; };
		E72E74442643E2E800F4EC96 /* RS_MemoryHelper.hpp */ = {isa = PBXFileReference; fileEncoding = 4; lastKnownFileType = sourcecode.cpp.h; lineEnding = 0; name = RS_MemoryHelper.hpp; path = ../Public/Core/Memory/RS_MemoryHelper.hpp; sourceTree = "<group>"; };
		E72E744A2643E73600F4EC96 /* RS_MemoryHelper_Appl.mm */ = {isa = PBXFileReference; fileEncoding = 4; lastKnownFileType = sourcecode.cpp.objcpp; lineEnding = 0; name = RS_MemoryHelper_Appl.mm; path = Core/Memory/Apple/RS_MemoryHelper_Appl.mm; sourceTree = "<group>"; };
		E72E744E264928E900F4EC96 /* RS_StlAllocator.hpp */ = {isa = PBXFileReference; fileEncoding = 4; lastKnownFileType = sourcecode.cpp.h; name = RS_StlAllocator.hpp; path = ../Public/Core/Memory/RS_StlAllocator.hpp; sourceTree = "<group>"; };
		E72E74CB26565A7700F4EC96 /* Xcode settings.txt */ = {isa = PBXFileReference; fileEncoding = 4; lastKnownFileType = text; name = "Xcode settings.txt"; path = "Documents/Compiler/Xcode/Xcode settings.txt"; sourceTree = "<group>"; };
		E72E74CC26565A7700F4EC96 /* Xcode_predefined_env_variables.pdf */ = {isa = PBXFileReference; lastKnownFileType = image.pdf; name = Xcode_predefined_env_variables.pdf; path = Documents/Compiler/Xcode/Xcode_predefined_env_variables.pdf; sourceTree = "<group>"; };
		E72E74D3265E5BD400F4EC96 /* RS_Mutex.hpp */ = {isa = PBXFileReference; fileEncoding = 4; lastKnownFileType = sourcecode.cpp.h; lineEnding = 0; name = RS_Mutex.hpp; path = ../Public/Core/Thread/RS_Mutex.hpp; sourceTree = "<group>"; };
		E72E74D92666352A00F4EC96 /* RS_DevThread_Appl.mm */ = {isa = PBXFileReference; fileEncoding = 4; lastKnownFileType = sourcecode.cpp.objcpp; lineEnding = 0; name = RS_DevThread_Appl.mm; path = Core/Thread/Apple/RS_DevThread_Appl.mm; sourceTree = "<group>"; };
		E72E74DD26677E3100F4EC96 /* RS_DevThreadDefs.hpp */ = {isa = PBXFileReference; fileEncoding = 4; lastKnownFileType = sourcecode.cpp.h; lineEnding = 0; name = RS_DevThreadDefs.hpp; path = ../Public/Core/Thread/RS_DevThreadDefs.hpp; sourceTree = "<group>"; };
		E72E74DF26677EE000F4EC96 /* RS_DevThread.hpp */ = {isa = PBXFileReference; fileEncoding = 4; lastKnownFileType = sourcecode.cpp.h; lineEnding = 0; name = RS_DevThread.hpp; path = ../Public/Core/Thread/RS_DevThread.hpp; sourceTree = "<group>"; };
		E72E74E32668D52600F4EC96 /* RS_MainDevThread.cpp */ = {isa = PBXFileReference; fileEncoding = 4; lastKnownFileType = sourcecode.cpp.cpp; lineEnding = 0; name = RS_MainDevThread.cpp; path = Core/Thread/RS_MainDevThread.cpp; sourceTree = "<group>"; };
		E72E74ED266CC50600F4EC96 /* ReadME.txt */ = {isa = PBXFileReference; fileEncoding = 4; lastKnownFileType = text; lineEnding = 0; name = ReadME.txt; path = Core/Thread/ReadME.txt; sourceTree = "<group>"; };
		E785D15525BBDE470042292E /* RS_RuntimeHash.hpp */ = {isa = PBXFileReference; fileEncoding = 4; lastKnownFileType = sourcecode.cpp.h; lineEnding = 0; name = RS_RuntimeHash.hpp; path = ../Public/Core/Hash/RS_RuntimeHash.hpp; sourceTree = "<group>"; };
		E785D15925BC0DC20042292E /* RS_RuntimeHash.cpp */ = {isa = PBXFileReference; fileEncoding = 4; lastKnownFileType = sourcecode.cpp.cpp; lineEnding = 0; name = RS_RuntimeHash.cpp; path = Core/Hash/RS_RuntimeHash.cpp; sourceTree = "<group>"; };
		E785D16225BC0E930042292E /* xxhash.cpp */ = {isa = PBXFileReference; fileEncoding = 4; lastKnownFileType = sourcecode.cpp.cpp; lineEnding = 0; name = xxhash.cpp; path = Core/External/Hash/xxhash.cpp; sourceTree = "<group>"; };
		E785D16325BC0E930042292E /* murmurhash3.cpp */ = {isa = PBXFileReference; fileEncoding = 4; lastKnownFileType = sourcecode.cpp.cpp; lineEnding = 0; name = murmurhash3.cpp; path = Core/External/Hash/murmurhash3.cpp; sourceTree = "<group>"; };
		E785D16425BC0E930042292E /* murmurhash3.hpp */ = {isa = PBXFileReference; fileEncoding = 4; lastKnownFileType = sourcecode.cpp.h; lineEnding = 0; name = murmurhash3.hpp; path = Core/External/Hash/murmurhash3.hpp; sourceTree = "<group>"; };
		E785D16525BC0E930042292E /* xxhash.hpp */ = {isa = PBXFileReference; fileEncoding = 4; lastKnownFileType = sourcecode.cpp.h; lineEnding = 0; name = xxhash.hpp; path = Core/External/Hash/xxhash.hpp; sourceTree = "<group>"; };
		E785D16E25BC198A0042292E /* RS_CompiletimeHash.hpp */ = {isa = PBXFileReference; fileEncoding = 4; lastKnownFileType = sourcecode.cpp.h; lineEnding = 0; name = RS_CompiletimeHash.hpp; path = ../Public/Core/Hash/RS_CompiletimeHash.hpp; sourceTree = "<group>"; };
		E785D1A225BEB94F0042292E /* RS_Time.hpp */ = {isa = PBXFileReference; fileEncoding = 4; lastKnownFileType = sourcecode.cpp.h; lineEnding = 0; name = RS_Time.hpp; path = ../Public/Core/Time/RS_Time.hpp; sourceTree = "<group>"; };
		E785D1A425BEB9630042292E /* RS_ThreadHelper.hpp */ = {isa = PBXFileReference; fileEncoding = 4; lastKnownFileType = sourcecode.cpp.h; lineEnding = 0; name = RS_ThreadHelper.hpp; path = ../Public/Core/Thread/RS_ThreadHelper.hpp; sourceTree = "<group>"; };
		E785D1BB25BEB9BD0042292E /* RS_ThreadHelper_Appl.mm */ = {isa = PBXFileReference; fileEncoding = 4; lastKnownFileType = sourcecode.cpp.objcpp; lineEnding = 0; name = RS_ThreadHelper_Appl.mm; path = Core/Thread/Apple/RS_ThreadHelper_Appl.mm; sourceTree = "<group>"; };
		E785D1BF25BEB9CA0042292E /* RS_Time_Appl.mm */ = {isa = PBXFileReference; fileEncoding = 4; lastKnownFileType = sourcecode.cpp.objcpp; lineEnding = 0; name = RS_Time_Appl.mm; path = Core/Time/Apple/RS_Time_Appl.mm; sourceTree = "<group>"; };
		E785D1CA25BF95760042292E /* RS_Logging.hpp */ = {isa = PBXFileReference; fileEncoding = 4; lastKnownFileType = sourcecode.cpp.h; lineEnding = 0; name = RS_Logging.hpp; path = ../Public/Core/Logging/RS_Logging.hpp; sourceTree = "<group>"; };
		E785D1CD25BFA8540042292E /* RS_StatsIterator.hpp */ = {isa = PBXFileReference; fileEncoding = 4; lastKnownFileType = sourcecode.cpp.h; lineEnding = 0; name = RS_StatsIterator.hpp; path = ../Public/Core/Profiling/RS_StatsIterator.hpp; sourceTree = "<group>"; };
		E785D1CE25BFA8540042292E /* RS_Profiling.hpp */ = {isa = PBXFileReference; fileEncoding = 4; lastKnownFileType = sourcecode.cpp.h; lineEnding = 0; name = RS_Profiling.hpp; path = ../Public/Core/Profiling/RS_Profiling.hpp; sourceTree = "<group>"; };
		E785D1CF25BFA8540042292E /* ReadME.txt */ = {isa = PBXFileReference; fileEncoding = 4; lastKnownFileType = text; lineEnding = 0; name = ReadME.txt; path = ../Public/Core/Profiling/ReadME.txt; sourceTree = "<group>"; };
		E785D1D225BFA8770042292E /* RS_StatsNode.hpp */ = {isa = PBXFileReference; fileEncoding = 4; lastKnownFileType = sourcecode.cpp.h; lineEnding = 0; name = RS_StatsNode.hpp; path = Core/Profiling/RS_StatsNode.hpp; sourceTree = "<group>"; };
		E785D1D325BFA8770042292E /* RS_SampleMgr.hpp */ = {isa = PBXFileReference; fileEncoding = 4; lastKnownFileType = sourcecode.cpp.h; lineEnding = 0; name = RS_SampleMgr.hpp; path = Core/Profiling/RS_SampleMgr.hpp; sourceTree = "<group>"; };
		E785D1D425BFA8770042292E /* RS_SampleMgr.cpp */ = {isa = PBXFileReference; fileEncoding = 4; lastKnownFileType = sourcecode.cpp.cpp; lineEnding = 0; name = RS_SampleMgr.cpp; path = Core/Profiling/RS_SampleMgr.cpp; sourceTree = "<group>"; };
		E785D1D625BFA8770042292E /* RS_SampleNode.hpp */ = {isa = PBXFileReference; fileEncoding = 4; lastKnownFileType = sourcecode.cpp.h; lineEnding = 0; name = RS_SampleNode.hpp; path = Core/Profiling/RS_SampleNode.hpp; sourceTree = "<group>"; };
		E785D1D725BFA8770042292E /* RS_StatsIterator.cpp */ = {isa = PBXFileReference; fileEncoding = 4; lastKnownFileType = sourcecode.cpp.cpp; lineEnding = 0; name = RS_StatsIterator.cpp; path = Core/Profiling/RS_StatsIterator.cpp; sourceTree = "<group>"; };
		E785D1E425BFA89C0042292E /* RS_Profiling.cpp */ = {isa = PBXFileReference; fileEncoding = 4; lastKnownFileType = sourcecode.cpp.cpp; lineEnding = 0; name = RS_Profiling.cpp; path = Core/Profiling/RS_Profiling.cpp; sourceTree = "<group>"; };
		E785D1F525C258100042292E /* ReadME.txt */ = {isa = PBXFileReference; fileEncoding = 4; lastKnownFileType = text; lineEnding = 0; name = ReadME.txt; path = Core/Logging/ReadME.txt; sourceTree = "<group>"; };
		E785D1F625C258100042292E /* RS_Logging.cpp */ = {isa = PBXFileReference; fileEncoding = 4; lastKnownFileType = sourcecode.cpp.cpp; lineEnding = 0; name = RS_Logging.cpp; path = Core/Logging/RS_Logging.cpp; sourceTree = "<group>"; };
		E785D1F725C258110042292E /* RS_LoggingMgr.hpp */ = {isa = PBXFileReference; fileEncoding = 4; lastKnownFileType = sourcecode.cpp.h; lineEnding = 0; name = RS_LoggingMgr.hpp; path = Core/Logging/RS_LoggingMgr.hpp; sourceTree = "<group>"; };
		E785D1F825C258110042292E /* RS_LoggingMgr.cpp */ = {isa = PBXFileReference; fileEncoding = 4; lastKnownFileType = sourcecode.cpp.cpp; lineEnding = 0; name = RS_LoggingMgr.cpp; path = Core/Logging/RS_LoggingMgr.cpp; sourceTree = "<group>"; };
		E785D20025C25E410042292E /* RS_Logger.hpp */ = {isa = PBXFileReference; fileEncoding = 4; lastKnownFileType = sourcecode.cpp.h; lineEnding = 0; name = RS_Logger.hpp; path = Core/Logging/RS_Logger.hpp; sourceTree = "<group>"; };
		E785D20225C25FDF0042292E /* RS_ConsoleLogger.cpp */ = {isa = PBXFileReference; fileEncoding = 4; lastKnownFileType = sourcecode.cpp.cpp; lineEnding = 0; name = RS_ConsoleLogger.cpp; path = Core/Logging/RS_ConsoleLogger.cpp; sourceTree = "<group>"; };
		E785D20325C25FDF0042292E /* RS_ConsoleLogger.hpp */ = {isa = PBXFileReference; fileEncoding = 4; lastKnownFileType = sourcecode.cpp.h; lineEnding = 0; name = RS_ConsoleLogger.hpp; path = Core/Logging/RS_ConsoleLogger.hpp; sourceTree = "<group>"; };
		E785D20825C2693E0042292E /* RS_ConsoleLogger_Appl.mm */ = {isa = PBXFileReference; fileEncoding = 4; lastKnownFileType = sourcecode.cpp.objcpp; lineEnding = 0; name = RS_ConsoleLogger_Appl.mm; path = Core/Logging/Apple/RS_ConsoleLogger_Appl.mm; sourceTree = "<group>"; };
		E785D20C25C270D00042292E /* RS_Logger.cpp */ = {isa = PBXFileReference; fileEncoding = 4; lastKnownFileType = sourcecode.cpp.cpp; lineEnding = 0; name = RS_Logger.cpp; path = Core/Logging/RS_Logger.cpp; sourceTree = "<group>"; };
		E785D21325C4C2710042292E /* RS_DumbLogger.hpp */ = {isa = PBXFileReference; fileEncoding = 4; lastKnownFileType = sourcecode.cpp.h; lineEnding = 0; name = RS_DumbLogger.hpp; path = Core/Logging/RS_DumbLogger.hpp; sourceTree = "<group>"; };
		E785D21F25C611C00042292E /* ReadME.txt */ = {isa = PBXFileReference; fileEncoding = 4; lastKnownFileType = text; lineEnding = 0; name = ReadME.txt; path = Core/FileSystem/ReadME.txt; sourceTree = "<group>"; };
		E785D22125C611F00042292E /* RS_NativeFileSystem.hpp */ = {isa = PBXFileReference; fileEncoding = 4; lastKnownFileType = sourcecode.cpp.h; lineEnding = 0; name = RS_NativeFileSystem.hpp; path = ../Public/Core/FileSystem/RS_NativeFileSystem.hpp; sourceTree = "<group>"; };
		E785D22525C650D00042292E /* RS_NativeFileSystem.cpp */ = {isa = PBXFileReference; fileEncoding = 4; lastKnownFileType = sourcecode.cpp.cpp; lineEnding = 0; name = RS_NativeFileSystem.cpp; path = Core/FileSystem/RS_NativeFileSystem.cpp; sourceTree = "<group>"; };
		E785D22A25C654810042292E /* RS_NativeFileSystem_Appl.mm */ = {isa = PBXFileReference; fileEncoding = 4; lastKnownFileType = sourcecode.cpp.objcpp; lineEnding = 0; name = RS_NativeFileSystem_Appl.mm; path = Core/FileSystem/Apple/RS_NativeFileSystem_Appl.mm; sourceTree = "<group>"; };
		E785D23125C93FAB0042292E /* RS_RuntimeText.hpp */ = {isa = PBXFileReference; fileEncoding = 4; lastKnownFileType = sourcecode.cpp.h; lineEnding = 0; name = RS_RuntimeText.hpp; path = ../Public/Core/String/RS_RuntimeText.hpp; sourceTree = "<group>"; };
		E785D23425C940BD0042292E /* RS_RuntimeText.cpp */ = {isa = PBXFileReference; lastKnownFileType = sourcecode.cpp.cpp; name = RS_RuntimeText.cpp; path = Core/String/RS_RuntimeText.cpp; sourceTree = "<group>"; };
		E7897F13267757B3001893D8 /* RS_DevThreadDataBase.hpp */ = {isa = PBXFileReference; fileEncoding = 4; lastKnownFileType = sourcecode.cpp.h; lineEnding = 0; name = RS_DevThreadDataBase.hpp; path = Core/Thread/RS_DevThreadDataBase.hpp; sourceTree = "<group>"; };
		E7897F14267757B3001893D8 /* RS_DevThreadDataBase.cpp */ = {isa = PBXFileReference; fileEncoding = 4; lastKnownFileType = sourcecode.cpp.cpp; lineEnding = 0; name = RS_DevThreadDataBase.cpp; path = Core/Thread/RS_DevThreadDataBase.cpp; sourceTree = "<group>"; };
		E7897F15267757B3001893D8 /* RS_ThreadHelper.cpp */ = {isa = PBXFileReference; fileEncoding = 4; lastKnownFileType = sourcecode.cpp.cpp; lineEnding = 0; name = RS_ThreadHelper.cpp; path = Core/Thread/RS_ThreadHelper.cpp; sourceTree = "<group>"; };
		E7897F16267757B3001893D8 /* RS_MainDevThread.hpp */ = {isa = PBXFileReference; fileEncoding = 4; lastKnownFileType = sourcecode.cpp.h; lineEnding = 0; name = RS_MainDevThread.hpp; path = Core/Thread/RS_MainDevThread.hpp; sourceTree = "<group>"; };
		E7897F1F26775AA3001893D8 /* RS_MainDevThread_Appl.mm */ = {isa = PBXFileReference; fileEncoding = 4; lastKnownFileType = sourcecode.cpp.objcpp; lineEnding = 0; name = RS_MainDevThread_Appl.mm; path = Core/Thread/Apple/RS_MainDevThread_Appl.mm; sourceTree = "<group>"; };
		E7897F232679FB75001893D8 /* RS_ReaderWriterLock.hpp */ = {isa = PBXFileReference; fileEncoding = 4; lastKnownFileType = sourcecode.cpp.h; lineEnding = 0; name = RS_ReaderWriterLock.hpp; path = ../Public/Core/Thread/RS_ReaderWriterLock.hpp; sourceTree = "<group>"; };
		E7897F25267B4D25001893D8 /* RS_Mutex_Appl.mm */ = {isa = PBXFileReference; fileEncoding = 4; lastKnownFileType = sourcecode.cpp.objcpp; lineEnding = 0; name = RS_Mutex_Appl.mm; path = Core/Thread/Apple/RS_Mutex_Appl.mm; sourceTree = "<group>"; };
		E7897F2B267CA494001893D8 /* RS_AutoResetEvent.hpp */ = {isa = PBXFileReference; fileEncoding = 4; lastKnownFileType = sourcecode.cpp.h; lineEnding = 0; name = RS_AutoResetEvent.hpp; path = ../Public/Core/Thread/RS_AutoResetEvent.hpp; sourceTree = "<group>"; };
		E7897F2D267DEAF6001893D8 /* RS_AutoResetEvent_Appl.mm */ = {isa = PBXFileReference; fileEncoding = 4; lastKnownFileType = sourcecode.cpp.objcpp; name = RS_AutoResetEvent_Appl.mm; path = Core/Thread/Apple/RS_AutoResetEvent_Appl.mm; sourceTree = "<group>"; };
		E7897F33267F4073001893D8 /* RS_ReaderWriterLock_Appl.mm */ = {isa = PBXFileReference; fileEncoding = 4; lastKnownFileType = sourcecode.cpp.objcpp; name = RS_ReaderWriterLock_Appl.mm; path = Core/Thread/Apple/RS_ReaderWriterLock_Appl.mm; sourceTree = "<group>"; };
		E7897F392695A7FD001893D8 /* RS_PPM_IO.hpp */ = {isa = PBXFileReference; fileEncoding = 4; lastKnownFileType = sourcecode.cpp.h; lineEnding = 0; name = RS_PPM_IO.hpp; path = ../Public/Core/IO/Image/RS_PPM_IO.hpp; sourceTree = "<group>"; };
		E7897F3D2695A925001893D8 /* RS_PPM_IO.cpp */ = {isa = PBXFileReference; fileEncoding = 4; lastKnownFileType = sourcecode.cpp.cpp; name = RS_PPM_IO.cpp; path = Core/IO/Image/RS_PPM_IO.cpp; sourceTree = "<group>"; };
		E79544C625DDCE53005D3B41 /* RS_NativeFile_Appl.mm */ = {isa = PBXFileReference; fileEncoding = 4; lastKnownFileType = sourcecode.cpp.objcpp; lineEnding = 0; name = RS_NativeFile_Appl.mm; path = Core/FileSystem/Apple/RS_NativeFile_Appl.mm; sourceTree = "<group>"; };
		E79544CA25DDCF8C005D3B41 /* RS_NativeFile_Appl.hpp */ = {isa = PBXFileReference; fileEncoding = 4; lastKnownFileType = sourcecode.cpp.h; lineEnding = 0; name = RS_NativeFile_Appl.hpp; path = Core/FileSystem/Apple/RS_NativeFile_Appl.hpp; sourceTree = "<group>"; };
		E79544CC25DF07C8005D3B41 /* RS_FileStream.hpp */ = {isa = PBXFileReference; fileEncoding = 4; lastKnownFileType = sourcecode.cpp.h; lineEnding = 0; name = RS_FileStream.hpp; path = ../Public/Core/FileSystem/RS_FileStream.hpp; sourceTree = "<group>"; };
		E79544D225DF0953005D3B41 /* RS_FileStream_Appl.mm */ = {isa = PBXFileReference; fileEncoding = 4; lastKnownFileType = sourcecode.cpp.objcpp; lineEnding = 0; name = RS_FileStream_Appl.mm; path = Core/FileSystem/Apple/RS_FileStream_Appl.mm; sourceTree = "<group>"; };
		E79544D625DFAE3B005D3B41 /* RS_FileReadStream.hpp */ = {isa = PBXFileReference; fileEncoding = 4; lastKnownFileType = sourcecode.cpp.h; lineEnding = 0; name = RS_FileReadStream.hpp; path = ../Public/Core/FileSystem/RS_FileReadStream.hpp; sourceTree = "<group>"; };
		E79544D825DFAE5A005D3B41 /* RS_FileWriteStream.hpp */ = {isa = PBXFileReference; fileEncoding = 4; lastKnownFileType = sourcecode.cpp.h; lineEnding = 0; name = RS_FileWriteStream.hpp; path = ../Public/Core/FileSystem/RS_FileWriteStream.hpp; sourceTree = "<group>"; };
		E79544DA25E4812F005D3B41 /* RS_FileStreamHelper_Appl.hpp */ = {isa = PBXFileReference; fileEncoding = 4; lastKnownFileType = sourcecode.cpp.h; lineEnding = 0; name = RS_FileStreamHelper_Appl.hpp; path = Core/FileSystem/Apple/RS_FileStreamHelper_Appl.hpp; sourceTree = "<group>"; };
		E79544DC25E4F11E005D3B41 /* RS_FileReadStream_Appl.mm */ = {isa = PBXFileReference; fileEncoding = 4; lastKnownFileType = sourcecode.cpp.objcpp; lineEnding = 0; name = RS_FileReadStream_Appl.mm; path = Core/FileSystem/Apple/RS_FileReadStream_Appl.mm; sourceTree = "<group>"; };
		E79544E025E4F157005D3B41 /* RS_FileWriteStream_Appl.mm */ = {isa = PBXFileReference; fileEncoding = 4; lastKnownFileType = sourcecode.cpp.objcpp; lineEnding = 0; name = RS_FileWriteStream_Appl.mm; path = Core/FileSystem/Apple/RS_FileWriteStream_Appl.mm; sourceTree = "<group>"; };
		E79544E425E5ADF8005D3B41 /* RS_FileStreamHelper.hpp */ = {isa = PBXFileReference; fileEncoding = 4; lastKnownFileType = sourcecode.cpp.h; lineEnding = 0; name = RS_FileStreamHelper.hpp; path = ../Public/Core/FileSystem/RS_FileStreamHelper.hpp; sourceTree = "<group>"; };
		E79544E725EA4247005D3B41 /* RS_TextFileReader.hpp */ = {isa = PBXFileReference; fileEncoding = 4; lastKnownFileType = sourcecode.cpp.h; lineEnding = 0; name = RS_TextFileReader.hpp; path = ../Public/Core/FileSystem/RS_TextFileReader.hpp; sourceTree = "<group>"; };
		E79544EB25EA428F005D3B41 /* RS_TextFileReader.cpp */ = {isa = PBXFileReference; fileEncoding = 4; lastKnownFileType = sourcecode.cpp.cpp; lineEnding = 0; name = RS_TextFileReader.cpp; path = Core/FileSystem/RS_TextFileReader.cpp; sourceTree = "<group>"; };
		E79544F225EB4657005D3B41 /* RS_TextHelper.hpp */ = {isa = PBXFileReference; fileEncoding = 4; lastKnownFileType = sourcecode.cpp.h; lineEnding = 0; name = RS_TextHelper.hpp; path = ../Public/Core/String/RS_TextHelper.hpp; sourceTree = "<group>"; };
		E79544F425EB473C005D3B41 /* RS_TextHelper.cpp */ = {isa = PBXFileReference; fileEncoding = 4; lastKnownFileType = sourcecode.cpp.cpp; lineEnding = 0; name = RS_TextHelper.cpp; path = Core/String/RS_TextHelper.cpp; sourceTree = "<group>"; };
		E79544F825EDF4DB005D3B41 /* RS_UTF16Text.hpp */ = {isa = PBXFileReference; fileEncoding = 4; lastKnownFileType = sourcecode.cpp.h; lineEnding = 0; name = RS_UTF16Text.hpp; path = ../Public/Core/String/RS_UTF16Text.hpp; sourceTree = "<group>"; };
		E79544FA25EE2BF6005D3B41 /* RS_UTF16Text.cpp */ = {isa = PBXFileReference; fileEncoding = 4; lastKnownFileType = sourcecode.cpp.cpp; lineEnding = 0; name = RS_UTF16Text.cpp; path = Core/String/RS_UTF16Text.cpp; sourceTree = "<group>"; };
		E795450225F2EE12005D3B41 /* RS_BitOperationHelper.hpp */ = {isa = PBXFileReference; fileEncoding = 4; lastKnownFileType = sourcecode.cpp.h; lineEnding = 0; name = RS_BitOperationHelper.hpp; path = ../Public/Core/DataOperation/RS_BitOperationHelper.hpp; sourceTree = "<group>"; };
		E795450525F2EE32005D3B41 /* RS_EndiannessHelper.hpp */ = {isa = PBXFileReference; fileEncoding = 4; lastKnownFileType = sourcecode.cpp.h; lineEnding = 0; name = RS_EndiannessHelper.hpp; path = ../Public/Core/DataOperation/RS_EndiannessHelper.hpp; sourceTree = "<group>"; };
		E795450825F2F598005D3B41 /* RS_EndiannessHelper.cpp */ = {isa = PBXFileReference; fileEncoding = 4; lastKnownFileType = sourcecode.cpp.cpp; lineEnding = 0; name = RS_EndiannessHelper.cpp; path = Core/DataOperation/RS_EndiannessHelper.cpp; sourceTree = "<group>"; };
		E795450C25F365D2005D3B41 /* RS_EndiannessHelper_Appl.mm */ = {isa = PBXFileReference; fileEncoding = 4; lastKnownFileType = sourcecode.cpp.objcpp; lineEnding = 0; name = RS_EndiannessHelper_Appl.mm; path = Core/DataOperation/Apple/RS_EndiannessHelper_Appl.mm; sourceTree = "<group>"; };
		E795453126004176005D3B41 /* RS_XXTEA.hpp */ = {isa = PBXFileReference; fileEncoding = 4; lastKnownFileType = sourcecode.cpp.h; lineEnding = 0; name = RS_XXTEA.hpp; path = ../Public/Core/Encoding/RS_XXTEA.hpp; sourceTree = "<group>"; };
		E79545342600418E005D3B41 /* RS_XXTEA.cpp */ = {isa = PBXFileReference; fileEncoding = 4; lastKnownFileType = sourcecode.cpp.cpp; lineEnding = 0; name = RS_XXTEA.cpp; path = Core/Encoding/RS_XXTEA.cpp; sourceTree = "<group>"; };
		E79545402601F0E3005D3B41 /* RS_MatheFuncs.hpp */ = {isa = PBXFileReference; fileEncoding = 4; lastKnownFileType = sourcecode.cpp.h; lineEnding = 0; name = RS_MatheFuncs.hpp; path = ../Public/Core/Mathe/RS_MatheFuncs.hpp; sourceTree = "<group>"; };
		E795454326040B64005D3B41 /* RS_MatheFuncs.cpp */ = {isa = PBXFileReference; fileEncoding = 4; lastKnownFileType = sourcecode.cpp.cpp; lineEnding = 0; name = RS_MatheFuncs.cpp; path = Core/Mathe/RS_MatheFuncs.cpp; sourceTree = "<group>"; };
		E795454726041184005D3B41 /* RS_MatheDefs.hpp */ = {isa = PBXFileReference; fileEncoding = 4; lastKnownFileType = sourcecode.cpp.h; name = RS_MatheDefs.hpp; path = ../Public/Core/Mathe/RS_MatheDefs.hpp; sourceTree = "<group>"; };
		E79545492606AA97005D3B41 /* RS_FloatPointFuncs.cpp */ = {isa = PBXFileReference; fileEncoding = 4; lastKnownFileType = sourcecode.cpp.cpp; name = RS_FloatPointFuncs.cpp; path = Core/Mathe/RS_FloatPointFuncs.cpp; sourceTree = "<group>"; };
		E795454D2606AAAB005D3B41 /* RS_FloatPointFuncs.hpp */ = {isa = PBXFileReference; fileEncoding = 4; lastKnownFileType = sourcecode.cpp.h; name = RS_FloatPointFuncs.hpp; path = ../Public/Core/Mathe/RS_FloatPointFuncs.hpp; sourceTree = "<group>"; };
		E7A858BE25B2E1680088515D /* libCore-tvOS.a */ = {isa = PBXFileReference; explicitFileType = archive.ar; includeInIndex = 0; name = "libCore-tvOS.a"; path = "libCore-appletvos appletvsimulator.a"; sourceTree = BUILT_PRODUCTS_DIR; };
		E7A858E625B6DCA60088515D /* RS_RuntimeAssert.hpp */ = {isa = PBXFileReference; fileEncoding = 4; lastKnownFileType = sourcecode.cpp.h; lineEnding = 0; name = RS_RuntimeAssert.hpp; path = ../Public/Core/Assert/RS_RuntimeAssert.hpp; sourceTree = "<group>"; };
		E7A858E725B6DCA60088515D /* RS_CompiletimeAssert.hpp */ = {isa = PBXFileReference; fileEncoding = 4; lastKnownFileType = sourcecode.cpp.h; lineEnding = 0; name = RS_CompiletimeAssert.hpp; path = ../Public/Core/Assert/RS_CompiletimeAssert.hpp; sourceTree = "<group>"; };
		E7A858EC25B6DD1A0088515D /* RS_CompilerDefs.hpp */ = {isa = PBXFileReference; fileEncoding = 4; lastKnownFileType = sourcecode.cpp.h; lineEnding = 0; name = RS_CompilerDefs.hpp; path = ../Public/Core/Common/RS_CompilerDefs.hpp; sourceTree = "<group>"; };
		E7A858ED25B6DD1A0088515D /* RS_OsDefs.hpp */ = {isa = PBXFileReference; fileEncoding = 4; lastKnownFileType = sourcecode.cpp.h; lineEnding = 0; name = RS_OsDefs.hpp; path = ../Public/Core/Common/RS_OsDefs.hpp; sourceTree = "<group>"; };
		E7A858EE25B6DD1A0088515D /* RS_CommonDefs.hpp */ = {isa = PBXFileReference; fileEncoding = 4; lastKnownFileType = sourcecode.cpp.h; lineEnding = 0; name = RS_CommonDefs.hpp; path = ../Public/Core/Common/RS_CommonDefs.hpp; sourceTree = "<group>"; };
		E7A858F225B6DD290088515D /* PrecompiledH.hpp */ = {isa = PBXFileReference; fileEncoding = 4; lastKnownFileType = sourcecode.cpp.h; lineEnding = 0; name = PrecompiledH.hpp; path = Core/PrecompiledHeader/PrecompiledH.hpp; sourceTree = "<group>"; };
		E7A858F425B6DD3D0088515D /* RS_RuntimeAssert_Appl.mm */ = {isa = PBXFileReference; fileEncoding = 4; lastKnownFileType = sourcecode.cpp.objcpp; lineEnding = 0; name = RS_RuntimeAssert_Appl.mm; path = Core/Assert/Apple/RS_RuntimeAssert_Appl.mm; sourceTree = "<group>"; };
		E7A858FC25B78A680088515D /* RS_DataTypeDefs.hpp */ = {isa = PBXFileReference; fileEncoding = 4; lastKnownFileType = sourcecode.cpp.h; lineEnding = 0; name = RS_DataTypeDefs.hpp; path = ../Public/Core/DataType/RS_DataTypeDefs.hpp; sourceTree = "<group>"; };
		E7A858FE25B7CE250088515D /* TODO.txt */ = {isa = PBXFileReference; lastKnownFileType = text; name = TODO.txt; path = Core/TODO.txt; sourceTree = "<group>"; };
		E7B32F7D2618694600B8583B /* RS_Codec.hpp */ = {isa = PBXFileReference; fileEncoding = 4; lastKnownFileType = sourcecode.cpp.h; lineEnding = 0; name = RS_Codec.hpp; path = ../Public/Core/Encoding/RS_Codec.hpp; sourceTree = "<group>"; };
		E7B32FAE261B0EF400B8583B /* RS_TextFileWriter.hpp */ = {isa = PBXFileReference; fileEncoding = 4; lastKnownFileType = sourcecode.cpp.h; lineEnding = 0; name = RS_TextFileWriter.hpp; path = ../Public/Core/FileSystem/RS_TextFileWriter.hpp; sourceTree = "<group>"; };
		E7B32FB0261C5AEA00B8583B /* RS_TextFileWriter.cpp */ = {isa = PBXFileReference; fileEncoding = 4; lastKnownFileType = sourcecode.cpp.cpp; name = RS_TextFileWriter.cpp; path = Core/FileSystem/RS_TextFileWriter.cpp; sourceTree = "<group>"; };
		E7B32FB4262995D900B8583B /* RS_BitOperationHelper.cpp */ = {isa = PBXFileReference; fileEncoding = 4; lastKnownFileType = sourcecode.cpp.cpp; lineEnding = 0; name = RS_BitOperationHelper.cpp; path = Core/DataOperation/RS_BitOperationHelper.cpp; sourceTree = "<group>"; };
		E7B32FBA262A5B1900B8583B /* RS_BitOperationHelper_Appl.mm */ = {isa = PBXFileReference; fileEncoding = 4; lastKnownFileType = sourcecode.cpp.objcpp; name = RS_BitOperationHelper_Appl.mm; path = Core/DataOperation/Apple/RS_BitOperationHelper_Appl.mm; sourceTree = "<group>"; };
		E7B32FE8262D7C8200B8583B /* Real16_32_convert_table.hpp */ = {isa = PBXFileReference; fileEncoding = 4; lastKnownFileType = sourcecode.cpp.h; lineEnding = 0; name = Real16_32_convert_table.hpp; path = Core/Generated/DataType/Real16_32_convert_table.hpp; sourceTree = "<group>"; };
		E7B32FEB2631729D00B8583B /* Spherical_cooridinate_to_cartesian_system.png */ = {isa = PBXFileReference; lastKnownFileType = image.png; name = Spherical_cooridinate_to_cartesian_system.png; path = Documents/TekDoc/Spherical_cooridinate_to_cartesian_system.png; sourceTree = "<group>"; };
		E7B32FEC2631729D00B8583B /* FloatingPointNumber.txt */ = {isa = PBXFileReference; fileEncoding = 4; lastKnownFileType = text; name = FloatingPointNumber.txt; path = Documents/TekDoc/FloatingPointNumber.txt; sourceTree = "<group>"; };
/* End PBXFileReference section */

/* Begin PBXFrameworksBuildPhase section */
		E71884FC25B28C4800B8266B /* Frameworks */ = {
			isa = PBXFrameworksBuildPhase;
			buildActionMask = 2147483647;
			files = (
			);
			runOnlyForDeploymentPostprocessing = 0;
		};
		E718850F25B2911500B8266B /* Frameworks */ = {
			isa = PBXFrameworksBuildPhase;
			buildActionMask = 2147483647;
			files = (
			);
			runOnlyForDeploymentPostprocessing = 0;
		};
		E7A858BB25B2E1680088515D /* Frameworks */ = {
			isa = PBXFrameworksBuildPhase;
			buildActionMask = 2147483647;
			files = (
			);
			runOnlyForDeploymentPostprocessing = 0;
		};
/* End PBXFrameworksBuildPhase section */

/* Begin PBXGroup section */
		E71884F525B28C4800B8266B = {
			isa = PBXGroup;
			children = (
				E7A858FE25B7CE250088515D /* TODO.txt */,
				E7B32FEA2631728200B8583B /* Documents */,
				E718850525B28CD400B8266B /* Private */,
				E718850625B28CE000B8266B /* Public */,
				E71884FF25B28C4800B8266B /* Products */,
			);
			sourceTree = "<group>";
		};
		E71884FF25B28C4800B8266B /* Products */ = {
			isa = PBXGroup;
			children = (
				E71884FE25B28C4800B8266B /* libCore-macOS.a */,
				E718851225B2911500B8266B /* libCore-iOS.a */,
				E7A858BE25B2E1680088515D /* libCore-tvOS.a */,
			);
			name = Products;
			sourceTree = "<group>";
		};
		E718850525B28CD400B8266B /* Private */ = {
			isa = PBXGroup;
			children = (
				E7A858DE25B590040088515D /* Assert */,
				E7B32FE7262D7C6500B8583B /* DataType */,
				E795450725F2F562005D3B41 /* DataOperation */,
				E79545332600417B005D3B41 /* Encoding */,
				E785D16025BC0E800042292E /* External */,
				E785D21E25C6116B0042292E /* FileSystem */,
				E785D15725BC09A90042292E /* Hash */,
				E7897F3B2695A81D001893D8 /* IO */,
				E785D1F425C257FE0042292E /* Logging */,
				E795454226040B45005D3B41 /* Mathe */,
				E72E737F263AB4F400F4EC96 /* Memory */,
				E7A858E325B6D7E50088515D /* PrecompiledHeader */,
				E785D1A625BEB9770042292E /* Profiling */,
				E785D23325C940950042292E /* String */,
				E785D1A825BEB9850042292E /* Thread */,
				E785D1A725BEB9800042292E /* Time */,
			);
			name = Private;
			sourceTree = "<group>";
		};
		E718850625B28CE000B8266B /* Public */ = {
			isa = PBXGroup;
			children = (
				E7A858D225B57F840088515D /* Assert */,
				E718850725B28CEF00B8266B /* Common */,
				E7A858D525B57FD10088515D /* DataType */,
				E795450025F2ED72005D3B41 /* DataOperation */,
				E795453026004082005D3B41 /* Encoding */,
				E785D22025C611C50042292E /* FileSystem */,
				E785D15425BBDE2F0042292E /* Hash */,
				E7897F372695A7D9001893D8 /* IO */,
				E785D1C925BF929F0042292E /* Logging */,
				E795453F2601F0A8005D3B41 /* Mathe */,
				E7954538260044FE005D3B41 /* Memory */,
				E785D19D25BEB9260042292E /* Profiling */,
				E785D23025C93F480042292E /* String */,
				E785D19B25BEB9150042292E /* Thread */,
				E785D19C25BEB9200042292E /* Time */,
			);
			name = Public;
			sourceTree = "<group>";
		};
		E718850725B28CEF00B8266B /* Common */ = {
			isa = PBXGroup;
			children = (
				E7A858EE25B6DD1A0088515D /* RS_CommonDefs.hpp */,
				E7A858EC25B6DD1A0088515D /* RS_CompilerDefs.hpp */,
				E7A858ED25B6DD1A0088515D /* RS_OsDefs.hpp */,
			);
			name = Common;
			sourceTree = "<group>";
		};
		E72E737F263AB4F400F4EC96 /* Memory */ = {
			isa = PBXGroup;
			children = (
				E72E7380263AB55000F4EC96 /* ReadME.txt */,
				E72E744A2643E73600F4EC96 /* RS_MemoryHelper_Appl.mm */,
			);
			name = Memory;
			sourceTree = "<group>";
		};
		E72E74CA26565A5300F4EC96 /* Compiler */ = {
			isa = PBXGroup;
			children = (
				E72E74CB26565A7700F4EC96 /* Xcode settings.txt */,
				E72E74CC26565A7700F4EC96 /* Xcode_predefined_env_variables.pdf */,
			);
			name = Compiler;
			sourceTree = "<group>";
		};
		E785D15425BBDE2F0042292E /* Hash */ = {
			isa = PBXGroup;
			children = (
				E785D16E25BC198A0042292E /* RS_CompiletimeHash.hpp */,
				E785D15525BBDE470042292E /* RS_RuntimeHash.hpp */,
			);
			name = Hash;
			sourceTree = "<group>";
		};
		E785D15725BC09A90042292E /* Hash */ = {
			isa = PBXGroup;
			children = (
				E785D15925BC0DC20042292E /* RS_RuntimeHash.cpp */,
			);
			name = Hash;
			sourceTree = "<group>";
		};
		E785D16025BC0E800042292E /* External */ = {
			isa = PBXGroup;
			children = (
				E785D16125BC0E870042292E /* Hash */,
			);
			name = External;
			sourceTree = "<group>";
		};
		E785D16125BC0E870042292E /* Hash */ = {
			isa = PBXGroup;
			children = (
				E785D16425BC0E930042292E /* murmurhash3.hpp */,
				E785D16325BC0E930042292E /* murmurhash3.cpp */,
				E785D16525BC0E930042292E /* xxhash.hpp */,
				E785D16225BC0E930042292E /* xxhash.cpp */,
			);
			name = Hash;
			sourceTree = "<group>";
		};
		E785D19B25BEB9150042292E /* Thread */ = {
			isa = PBXGroup;
			children = (
				E7897F2B267CA494001893D8 /* RS_AutoResetEvent.hpp */,
				E72E74DF26677EE000F4EC96 /* RS_DevThread.hpp */,
				E72E74DD26677E3100F4EC96 /* RS_DevThreadDefs.hpp */,
				E72E74D3265E5BD400F4EC96 /* RS_Mutex.hpp */,
				E7897F232679FB75001893D8 /* RS_ReaderWriterLock.hpp */,
				E785D1A425BEB9630042292E /* RS_ThreadHelper.hpp */,
			);
			name = Thread;
			sourceTree = "<group>";
		};
		E785D19C25BEB9200042292E /* Time */ = {
			isa = PBXGroup;
			children = (
				E785D1A225BEB94F0042292E /* RS_Time.hpp */,
			);
			name = Time;
			sourceTree = "<group>";
		};
		E785D19D25BEB9260042292E /* Profiling */ = {
			isa = PBXGroup;
			children = (
				E785D1CF25BFA8540042292E /* ReadME.txt */,
				E785D1CE25BFA8540042292E /* RS_Profiling.hpp */,
				E785D1CD25BFA8540042292E /* RS_StatsIterator.hpp */,
			);
			name = Profiling;
			sourceTree = "<group>";
		};
		E785D1A625BEB9770042292E /* Profiling */ = {
			isa = PBXGroup;
			children = (
				E785D1E425BFA89C0042292E /* RS_Profiling.cpp */,
				E785D1D325BFA8770042292E /* RS_SampleMgr.hpp */,
				E785D1D425BFA8770042292E /* RS_SampleMgr.cpp */,
				E785D1D625BFA8770042292E /* RS_SampleNode.hpp */,
				E785D1D725BFA8770042292E /* RS_StatsIterator.cpp */,
				E785D1D225BFA8770042292E /* RS_StatsNode.hpp */,
			);
			name = Profiling;
			sourceTree = "<group>";
		};
		E785D1A725BEB9800042292E /* Time */ = {
			isa = PBXGroup;
			children = (
				E785D1BF25BEB9CA0042292E /* RS_Time_Appl.mm */,
			);
			name = Time;
			sourceTree = "<group>";
		};
		E785D1A825BEB9850042292E /* Thread */ = {
			isa = PBXGroup;
			children = (
				E72E74ED266CC50600F4EC96 /* ReadME.txt */,
				E7897F2D267DEAF6001893D8 /* RS_AutoResetEvent_Appl.mm */,
				E72E74D92666352A00F4EC96 /* RS_DevThread_Appl.mm */,
				E7897F14267757B3001893D8 /* RS_DevThreadDataBase.cpp */,
				E7897F13267757B3001893D8 /* RS_DevThreadDataBase.hpp */,
				E7897F16267757B3001893D8 /* RS_MainDevThread.hpp */,
				E7897F1F26775AA3001893D8 /* RS_MainDevThread_Appl.mm */,
				E72E74E32668D52600F4EC96 /* RS_MainDevThread.cpp */,
				E7897F25267B4D25001893D8 /* RS_Mutex_Appl.mm */,
				E7897F33267F4073001893D8 /* RS_ReaderWriterLock_Appl.mm */,
				E7897F15267757B3001893D8 /* RS_ThreadHelper.cpp */,
				E785D1BB25BEB9BD0042292E /* RS_ThreadHelper_Appl.mm */,
			);
			name = Thread;
			sourceTree = "<group>";
		};
		E785D1C925BF929F0042292E /* Logging */ = {
			isa = PBXGroup;
			children = (
				E785D1CA25BF95760042292E /* RS_Logging.hpp */,
			);
			name = Logging;
			sourceTree = "<group>";
		};
		E785D1F425C257FE0042292E /* Logging */ = {
			isa = PBXGroup;
			children = (
				E785D1F525C258100042292E /* ReadME.txt */,
				E785D20325C25FDF0042292E /* RS_ConsoleLogger.hpp */,
				E785D20225C25FDF0042292E /* RS_ConsoleLogger.cpp */,
				E785D20825C2693E0042292E /* RS_ConsoleLogger_Appl.mm */,
				E785D21325C4C2710042292E /* RS_DumbLogger.hpp */,
				E785D20025C25E410042292E /* RS_Logger.hpp */,
				E785D20C25C270D00042292E /* RS_Logger.cpp */,
				E785D1F625C258100042292E /* RS_Logging.cpp */,
				E785D1F725C258110042292E /* RS_LoggingMgr.hpp */,
				E785D1F825C258110042292E /* RS_LoggingMgr.cpp */,
			);
			name = Logging;
			sourceTree = "<group>";
		};
		E785D21E25C6116B0042292E /* FileSystem */ = {
			isa = PBXGroup;
			children = (
				E785D21F25C611C00042292E /* ReadME.txt */,
				E79544DC25E4F11E005D3B41 /* RS_FileReadStream_Appl.mm */,
				E79544D225DF0953005D3B41 /* RS_FileStream_Appl.mm */,
				E79544DA25E4812F005D3B41 /* RS_FileStreamHelper_Appl.hpp */,
				E79544E025E4F157005D3B41 /* RS_FileWriteStream_Appl.mm */,
				E79544CA25DDCF8C005D3B41 /* RS_NativeFile_Appl.hpp */,
				E79544C625DDCE53005D3B41 /* RS_NativeFile_Appl.mm */,
				E785D22525C650D00042292E /* RS_NativeFileSystem.cpp */,
				E785D22A25C654810042292E /* RS_NativeFileSystem_Appl.mm */,
				E79544EB25EA428F005D3B41 /* RS_TextFileReader.cpp */,
				E7B32FB0261C5AEA00B8583B /* RS_TextFileWriter.cpp */,
			);
			name = FileSystem;
			sourceTree = "<group>";
		};
		E785D22025C611C50042292E /* FileSystem */ = {
			isa = PBXGroup;
			children = (
				E79544CC25DF07C8005D3B41 /* RS_FileStream.hpp */,
				E79544E425E5ADF8005D3B41 /* RS_FileStreamHelper.hpp */,
				E79544D625DFAE3B005D3B41 /* RS_FileReadStream.hpp */,
				E79544D825DFAE5A005D3B41 /* RS_FileWriteStream.hpp */,
				E785D22125C611F00042292E /* RS_NativeFileSystem.hpp */,
				E79544E725EA4247005D3B41 /* RS_TextFileReader.hpp */,
				E7B32FAE261B0EF400B8583B /* RS_TextFileWriter.hpp */,
			);
			name = FileSystem;
			sourceTree = "<group>";
		};
		E785D23025C93F480042292E /* String */ = {
			isa = PBXGroup;
			children = (
				E785D23125C93FAB0042292E /* RS_RuntimeText.hpp */,
				E79544F225EB4657005D3B41 /* RS_TextHelper.hpp */,
				E79544F825EDF4DB005D3B41 /* RS_UTF16Text.hpp */,
			);
			name = String;
			sourceTree = "<group>";
		};
		E785D23325C940950042292E /* String */ = {
			isa = PBXGroup;
			children = (
				E785D23425C940BD0042292E /* RS_RuntimeText.cpp */,
				E79544F425EB473C005D3B41 /* RS_TextHelper.cpp */,
				E79544FA25EE2BF6005D3B41 /* RS_UTF16Text.cpp */,
			);
			name = String;
			sourceTree = "<group>";
		};
		E7897F372695A7D9001893D8 /* IO */ = {
			isa = PBXGroup;
			children = (
				E7897F382695A7E6001893D8 /* Image */,
			);
			name = IO;
			sourceTree = "<group>";
		};
		E7897F382695A7E6001893D8 /* Image */ = {
			isa = PBXGroup;
			children = (
				E7897F392695A7FD001893D8 /* RS_PPM_IO.hpp */,
			);
			name = Image;
			sourceTree = "<group>";
		};
		E7897F3B2695A81D001893D8 /* IO */ = {
			isa = PBXGroup;
			children = (
				E7897F3C2695A826001893D8 /* Image */,
			);
			name = IO;
			sourceTree = "<group>";
		};
		E7897F3C2695A826001893D8 /* Image */ = {
			isa = PBXGroup;
			children = (
				E7897F3D2695A925001893D8 /* RS_PPM_IO.cpp */,
			);
			name = Image;
			sourceTree = "<group>";
		};
		E795450025F2ED72005D3B41 /* DataOperation */ = {
			isa = PBXGroup;
			children = (
				E795450225F2EE12005D3B41 /* RS_BitOperationHelper.hpp */,
				E795450525F2EE32005D3B41 /* RS_EndiannessHelper.hpp */,
			);
			name = DataOperation;
			sourceTree = "<group>";
		};
		E795450725F2F562005D3B41 /* DataOperation */ = {
			isa = PBXGroup;
			children = (
				E7B32FB4262995D900B8583B /* RS_BitOperationHelper.cpp */,
				E7B32FBA262A5B1900B8583B /* RS_BitOperationHelper_Appl.mm */,
				E795450825F2F598005D3B41 /* RS_EndiannessHelper.cpp */,
				E795450C25F365D2005D3B41 /* RS_EndiannessHelper_Appl.mm */,
			);
			name = DataOperation;
			sourceTree = "<group>";
		};
		E795453026004082005D3B41 /* Encoding */ = {
			isa = PBXGroup;
			children = (
				E7B32F7D2618694600B8583B /* RS_Codec.hpp */,
				E795453126004176005D3B41 /* RS_XXTEA.hpp */,
			);
			name = Encoding;
			sourceTree = "<group>";
		};
		E79545332600417B005D3B41 /* Encoding */ = {
			isa = PBXGroup;
			children = (
				E79545342600418E005D3B41 /* RS_XXTEA.cpp */,
			);
			name = Encoding;
			sourceTree = "<group>";
		};
		E7954538260044FE005D3B41 /* Memory */ = {
			isa = PBXGroup;
			children = (
				E72E74442643E2E800F4EC96 /* RS_MemoryHelper.hpp */,
				E72E744E264928E900F4EC96 /* RS_StlAllocator.hpp */,
			);
			name = Memory;
			sourceTree = "<group>";
		};
		E795453F2601F0A8005D3B41 /* Mathe */ = {
			isa = PBXGroup;
			children = (
				E795454D2606AAAB005D3B41 /* RS_FloatPointFuncs.hpp */,
				E795454726041184005D3B41 /* RS_MatheDefs.hpp */,
				E79545402601F0E3005D3B41 /* RS_MatheFuncs.hpp */,
			);
			name = Mathe;
			sourceTree = "<group>";
		};
		E795454226040B45005D3B41 /* Mathe */ = {
			isa = PBXGroup;
			children = (
				E79545492606AA97005D3B41 /* RS_FloatPointFuncs.cpp */,
				E795454326040B64005D3B41 /* RS_MatheFuncs.cpp */,
			);
			name = Mathe;
			sourceTree = "<group>";
		};
		E7A858D225B57F840088515D /* Assert */ = {
			isa = PBXGroup;
			children = (
				E7A858E725B6DCA60088515D /* RS_CompiletimeAssert.hpp */,
				E7A858E625B6DCA60088515D /* RS_RuntimeAssert.hpp */,
			);
			name = Assert;
			sourceTree = "<group>";
		};
		E7A858D525B57FD10088515D /* DataType */ = {
			isa = PBXGroup;
			children = (
				E7A858FC25B78A680088515D /* RS_DataTypeDefs.hpp */,
			);
			name = DataType;
			sourceTree = "<group>";
		};
		E7A858DE25B590040088515D /* Assert */ = {
			isa = PBXGroup;
			children = (
				E7A858F425B6DD3D0088515D /* RS_RuntimeAssert_Appl.mm */,
			);
			name = Assert;
			sourceTree = "<group>";
		};
		E7A858E325B6D7E50088515D /* PrecompiledHeader */ = {
			isa = PBXGroup;
			children = (
				E7A858F225B6DD290088515D /* PrecompiledH.hpp */,
			);
			name = PrecompiledHeader;
			sourceTree = "<group>";
		};
		E7B32FE7262D7C6500B8583B /* DataType */ = {
			isa = PBXGroup;
			children = (
				E7B32FE8262D7C8200B8583B /* Real16_32_convert_table.hpp */,
			);
			name = DataType;
			sourceTree = "<group>";
		};
		E7B32FEA2631728200B8583B /* Documents */ = {
			isa = PBXGroup;
			children = (
				E72E74CA26565A5300F4EC96 /* Compiler */,
				E7B32FED263172A100B8583B /* TekDoc */,
			);
			name = Documents;
			sourceTree = "<group>";
		};
		E7B32FED263172A100B8583B /* TekDoc */ = {
			isa = PBXGroup;
			children = (
				E7B32FEB2631729D00B8583B /* Spherical_cooridinate_to_cartesian_system.png */,
				E7B32FEC2631729D00B8583B /* FloatingPointNumber.txt */,
			);
			name = TekDoc;
			sourceTree = "<group>";
		};
/* End PBXGroup section */

/* Begin PBXHeadersBuildPhase section */
		E71884FA25B28C4800B8266B /* Headers */ = {
			isa = PBXHeadersBuildPhase;
			buildActionMask = 2147483647;
			files = (
				E795450625F2EE32005D3B41 /* RS_EndiannessHelper.hpp in Headers */,
				E79544D925DFAE5A005D3B41 /* RS_FileWriteStream.hpp in Headers */,
				E795454826041184005D3B41 /* RS_MatheDefs.hpp in Headers */,
				E7897F3A2695A7FD001893D8 /* RS_PPM_IO.hpp in Headers */,
				E785D16D25BC0E930042292E /* xxhash.hpp in Headers */,
				E785D1A325BEB94F0042292E /* RS_Time.hpp in Headers */,
				E79544F325EB4657005D3B41 /* RS_TextHelper.hpp in Headers */,
				E7A858E825B6DCA60088515D /* RS_RuntimeAssert.hpp in Headers */,
				E785D1D125BFA8540042292E /* RS_Profiling.hpp in Headers */,
				E7897F2C267CA494001893D8 /* RS_AutoResetEvent.hpp in Headers */,
				E7A858F125B6DD1A0088515D /* RS_CommonDefs.hpp in Headers */,
				E785D23225C93FAB0042292E /* RS_RuntimeText.hpp in Headers */,
				E7897F1E267757B3001893D8 /* RS_MainDevThread.hpp in Headers */,
				E7A858F325B6DD290088515D /* PrecompiledH.hpp in Headers */,
				E7A858FF25B7CE250088515D /* TODO.txt in Headers */,
				E79544E525E5ADF8005D3B41 /* RS_FileStreamHelper.hpp in Headers */,
				E785D1E025BFA8770042292E /* RS_SampleNode.hpp in Headers */,
				E785D15625BBDE470042292E /* RS_RuntimeHash.hpp in Headers */,
				E72E74452643E2E800F4EC96 /* RS_MemoryHelper.hpp in Headers */,
				E72E74E026677EE000F4EC96 /* RS_DevThread.hpp in Headers */,
				E785D1FC25C258110042292E /* RS_LoggingMgr.hpp in Headers */,
				E7A858EF25B6DD1A0088515D /* RS_CompilerDefs.hpp in Headers */,
				E795450325F2EE12005D3B41 /* RS_BitOperationHelper.hpp in Headers */,
				E785D21725C4C2710042292E /* RS_DumbLogger.hpp in Headers */,
				E785D20125C25E410042292E /* RS_Logger.hpp in Headers */,
				E79545412601F0E3005D3B41 /* RS_MatheFuncs.hpp in Headers */,
				E785D16F25BC198A0042292E /* RS_CompiletimeHash.hpp in Headers */,
				E785D20725C25FDF0042292E /* RS_ConsoleLogger.hpp in Headers */,
				E785D1D925BFA8770042292E /* RS_SampleMgr.hpp in Headers */,
				E795453226004176005D3B41 /* RS_XXTEA.hpp in Headers */,
				E79544CB25DDCF8C005D3B41 /* RS_NativeFile_Appl.hpp in Headers */,
				E7A858F025B6DD1A0088515D /* RS_OsDefs.hpp in Headers */,
				E79544F925EDF4DB005D3B41 /* RS_UTF16Text.hpp in Headers */,
				E7B32FAF261B0EF400B8583B /* RS_TextFileWriter.hpp in Headers */,
				E7A858E925B6DCA60088515D /* RS_CompiletimeAssert.hpp in Headers */,
				E79544E925EA4247005D3B41 /* RS_TextFileReader.hpp in Headers */,
				E785D16C25BC0E930042292E /* murmurhash3.hpp in Headers */,
				E7A858FD25B78A680088515D /* RS_DataTypeDefs.hpp in Headers */,
				E785D1A525BEB9630042292E /* RS_ThreadHelper.hpp in Headers */,
				E7897F17267757B3001893D8 /* RS_DevThreadDataBase.hpp in Headers */,
				E79544DB25E4812F005D3B41 /* RS_FileStreamHelper_Appl.hpp in Headers */,
				E785D1D025BFA8540042292E /* RS_StatsIterator.hpp in Headers */,
				E785D1CB25BF95760042292E /* RS_Logging.hpp in Headers */,
				E7B32F7E2618694600B8583B /* RS_Codec.hpp in Headers */,
				E7B32FE9262D7C8200B8583B /* Real16_32_convert_table.hpp in Headers */,
				E795454E2606AAAB005D3B41 /* RS_FloatPointFuncs.hpp in Headers */,
				E785D1D825BFA8770042292E /* RS_StatsNode.hpp in Headers */,
				E785D22225C611F00042292E /* RS_NativeFileSystem.hpp in Headers */,
				E79544CD25DF07C8005D3B41 /* RS_FileStream.hpp in Headers */,
				E79544D725DFAE3B005D3B41 /* RS_FileReadStream.hpp in Headers */,
				E72E74DE26677E3100F4EC96 /* RS_DevThreadDefs.hpp in Headers */,
				E72E744F264928E900F4EC96 /* RS_StlAllocator.hpp in Headers */,
				E7897F242679FB75001893D8 /* RS_ReaderWriterLock.hpp in Headers */,
				E72E74D4265E5BD400F4EC96 /* RS_Mutex.hpp in Headers */,
			);
			runOnlyForDeploymentPostprocessing = 0;
		};
/* End PBXHeadersBuildPhase section */

/* Begin PBXNativeTarget section */
		E71884FD25B28C4800B8266B /* Core-macOS */ = {
			isa = PBXNativeTarget;
			buildConfigurationList = E718850225B28C4800B8266B /* Build configuration list for PBXNativeTarget "Core-macOS" */;
			buildPhases = (
				E71884FA25B28C4800B8266B /* Headers */,
				E71884FB25B28C4800B8266B /* Sources */,
				E71884FC25B28C4800B8266B /* Frameworks */,
			);
			buildRules = (
			);
			dependencies = (
			);
			name = "Core-macOS";
			productName = Core;
			productReference = E71884FE25B28C4800B8266B /* libCore-macOS.a */;
			productType = "com.apple.product-type.library.static";
		};
		E718851125B2911500B8266B /* Core-iOS */ = {
			isa = PBXNativeTarget;
			buildConfigurationList = E718851825B2911500B8266B /* Build configuration list for PBXNativeTarget "Core-iOS" */;
			buildPhases = (
				E718850E25B2911500B8266B /* Sources */,
				E718850F25B2911500B8266B /* Frameworks */,
				E718851025B2911500B8266B /* CopyFiles */,
			);
			buildRules = (
			);
			dependencies = (
			);
			name = "Core-iOS";
			productName = Core;
			productReference = E718851225B2911500B8266B /* libCore-iOS.a */;
			productType = "com.apple.product-type.library.static";
		};
		E7A858BD25B2E1680088515D /* Core-tvOS */ = {
			isa = PBXNativeTarget;
			buildConfigurationList = E7A858C625B2E1680088515D /* Build configuration list for PBXNativeTarget "Core-tvOS" */;
			buildPhases = (
				E7A858BA25B2E1680088515D /* Sources */,
				E7A858BB25B2E1680088515D /* Frameworks */,
				E7A858BC25B2E1680088515D /* CopyFiles */,
			);
			buildRules = (
			);
			dependencies = (
			);
			name = "Core-tvOS";
			productName = "Core-tvOS";
			productReference = E7A858BE25B2E1680088515D /* libCore-tvOS.a */;
			productType = "com.apple.product-type.library.static";
		};
/* End PBXNativeTarget section */

/* Begin PBXProject section */
		E71884F625B28C4800B8266B /* Project object */ = {
			isa = PBXProject;
			attributes = {
				LastUpgradeCheck = 1160;
				ORGANIZATIONNAME = "Zenggang Liu";
				TargetAttributes = {
					E71884FD25B28C4800B8266B = {
						CreatedOnToolsVersion = 11.6;
					};
					E718851125B2911500B8266B = {
						CreatedOnToolsVersion = 11.6;
					};
					E7A858BD25B2E1680088515D = {
						CreatedOnToolsVersion = 11.6;
					};
				};
			};
			buildConfigurationList = E71884F925B28C4800B8266B /* Build configuration list for PBXProject "Core" */;
			compatibilityVersion = "Xcode 9.3";
			developmentRegion = en;
			hasScannedForEncodings = 0;
			knownRegions = (
				en,
				Base,
			);
			mainGroup = E71884F525B28C4800B8266B;
			productRefGroup = E71884FF25B28C4800B8266B /* Products */;
			projectDirPath = "";
			projectRoot = "";
			targets = (
				E718851125B2911500B8266B /* Core-iOS */,
				E71884FD25B28C4800B8266B /* Core-macOS */,
				E7A858BD25B2E1680088515D /* Core-tvOS */,
			);
		};
/* End PBXProject section */

/* Begin PBXSourcesBuildPhase section */
		E71884FB25B28C4800B8266B /* Sources */ = {
			isa = PBXSourcesBuildPhase;
			buildActionMask = 2147483647;
			files = (
				E7897F3F2695A925001893D8 /* RS_PPM_IO.cpp in Sources */,
				E785D20525C25FDF0042292E /* RS_ConsoleLogger.cpp in Sources */,
				E785D1BD25BEB9BD0042292E /* RS_ThreadHelper_Appl.mm in Sources */,
				E79544E225E4F157005D3B41 /* RS_FileWriteStream_Appl.mm in Sources */,
				E72E74DB2666352A00F4EC96 /* RS_DevThread_Appl.mm in Sources */,
				E7897F2126775AA3001893D8 /* RS_MainDevThread_Appl.mm in Sources */,
				E785D1C125BEB9CA0042292E /* RS_Time_Appl.mm in Sources */,
				E79544DE25E4F11E005D3B41 /* RS_FileReadStream_Appl.mm in Sources */,
				E7B32FBC262A5B1900B8583B /* RS_BitOperationHelper_Appl.mm in Sources */,
				E785D23625C940BD0042292E /* RS_RuntimeText.cpp in Sources */,
				E785D15E25BC0DC20042292E /* RS_RuntimeHash.cpp in Sources */,
				E7897F19267757B3001893D8 /* RS_DevThreadDataBase.cpp in Sources */,
				E785D22725C650D00042292E /* RS_NativeFileSystem.cpp in Sources */,
				E7A858F525B6DD3D0088515D /* RS_RuntimeAssert_Appl.mm in Sources */,
				E79544F025EA428F005D3B41 /* RS_TextFileReader.cpp in Sources */,
				E785D1FA25C258110042292E /* RS_Logging.cpp in Sources */,
				E785D1E225BFA8770042292E /* RS_StatsIterator.cpp in Sources */,
				E7B32FB6262995D900B8583B /* RS_BitOperationHelper.cpp in Sources */,
				E7897F27267B4D25001893D8 /* RS_Mutex_Appl.mm in Sources */,
				E72E74E52668D52600F4EC96 /* RS_MainDevThread.cpp in Sources */,
				E795454526040B64005D3B41 /* RS_MatheFuncs.cpp in Sources */,
				E785D16A25BC0E930042292E /* murmurhash3.cpp in Sources */,
				E785D22C25C654810042292E /* RS_NativeFileSystem_Appl.mm in Sources */,
				E7897F1C267757B3001893D8 /* RS_ThreadHelper.cpp in Sources */,
				E7897F2F267DEAF6001893D8 /* RS_AutoResetEvent_Appl.mm in Sources */,
				E785D16725BC0E930042292E /* xxhash.cpp in Sources */,
				E72E744C2643E73600F4EC96 /* RS_MemoryHelper_Appl.mm in Sources */,
				E79544FC25EE2BF6005D3B41 /* RS_UTF16Text.cpp in Sources */,
				E785D1FE25C258110042292E /* RS_LoggingMgr.cpp in Sources */,
				E7897F35267F4073001893D8 /* RS_ReaderWriterLock_Appl.mm in Sources */,
				E79544C825DDCE53005D3B41 /* RS_NativeFile_Appl.mm in Sources */,
				E795450E25F365D2005D3B41 /* RS_EndiannessHelper_Appl.mm in Sources */,
				E7B32FB2261C5AEA00B8583B /* RS_TextFileWriter.cpp in Sources */,
				E79545362600418E005D3B41 /* RS_XXTEA.cpp in Sources */,
				E795450A25F2F598005D3B41 /* RS_EndiannessHelper.cpp in Sources */,
				E79544D425DF0953005D3B41 /* RS_FileStream_Appl.mm in Sources */,
				E785D20A25C2693E0042292E /* RS_ConsoleLogger_Appl.mm in Sources */,
				E79544F625EB473C005D3B41 /* RS_TextHelper.cpp in Sources */,
				E795454B2606AA97005D3B41 /* RS_FloatPointFuncs.cpp in Sources */,
				E785D1DB25BFA8770042292E /* RS_SampleMgr.cpp in Sources */,
				E785D20E25C270D00042292E /* RS_Logger.cpp in Sources */,
				E785D1E625BFA89C0042292E /* RS_Profiling.cpp in Sources */,
			);
			runOnlyForDeploymentPostprocessing = 0;
		};
		E718850E25B2911500B8266B /* Sources */ = {
			isa = PBXSourcesBuildPhase;
			buildActionMask = 2147483647;
			files = (
				E7897F3E2695A925001893D8 /* RS_PPM_IO.cpp in Sources */,
				E785D20425C25FDF0042292E /* RS_ConsoleLogger.cpp in Sources */,
				E785D1BC25BEB9BD0042292E /* RS_ThreadHelper_Appl.mm in Sources */,
				E79544E125E4F157005D3B41 /* RS_FileWriteStream_Appl.mm in Sources */,
				E72E74DA2666352A00F4EC96 /* RS_DevThread_Appl.mm in Sources */,
				E7897F2026775AA3001893D8 /* RS_MainDevThread_Appl.mm in Sources */,
				E785D1C025BEB9CA0042292E /* RS_Time_Appl.mm in Sources */,
				E79544DD25E4F11E005D3B41 /* RS_FileReadStream_Appl.mm in Sources */,
				E7B32FBB262A5B1900B8583B /* RS_BitOperationHelper_Appl.mm in Sources */,
				E785D23525C940BD0042292E /* RS_RuntimeText.cpp in Sources */,
				E785D15D25BC0DC20042292E /* RS_RuntimeHash.cpp in Sources */,
				E7897F18267757B3001893D8 /* RS_DevThreadDataBase.cpp in Sources */,
				E785D22625C650D00042292E /* RS_NativeFileSystem.cpp in Sources */,
				E7A858F625B6DD3D0088515D /* RS_RuntimeAssert_Appl.mm in Sources */,
				E79544EF25EA428F005D3B41 /* RS_TextFileReader.cpp in Sources */,
				E785D1F925C258110042292E /* RS_Logging.cpp in Sources */,
				E785D1E125BFA8770042292E /* RS_StatsIterator.cpp in Sources */,
				E7B32FB5262995D900B8583B /* RS_BitOperationHelper.cpp in Sources */,
				E7897F26267B4D25001893D8 /* RS_Mutex_Appl.mm in Sources */,
				E72E74E42668D52600F4EC96 /* RS_MainDevThread.cpp in Sources */,
				E795454426040B64005D3B41 /* RS_MatheFuncs.cpp in Sources */,
				E785D16925BC0E930042292E /* murmurhash3.cpp in Sources */,
				E785D22B25C654810042292E /* RS_NativeFileSystem_Appl.mm in Sources */,
				E7897F1B267757B3001893D8 /* RS_ThreadHelper.cpp in Sources */,
				E7897F2E267DEAF6001893D8 /* RS_AutoResetEvent_Appl.mm in Sources */,
				E785D16625BC0E930042292E /* xxhash.cpp in Sources */,
				E72E744B2643E73600F4EC96 /* RS_MemoryHelper_Appl.mm in Sources */,
				E79544FB25EE2BF6005D3B41 /* RS_UTF16Text.cpp in Sources */,
				E785D1FD25C258110042292E /* RS_LoggingMgr.cpp in Sources */,
				E7897F34267F4073001893D8 /* RS_ReaderWriterLock_Appl.mm in Sources */,
				E79544C725DDCE53005D3B41 /* RS_NativeFile_Appl.mm in Sources */,
				E795450D25F365D2005D3B41 /* RS_EndiannessHelper_Appl.mm in Sources */,
				E7B32FB1261C5AEA00B8583B /* RS_TextFileWriter.cpp in Sources */,
				E79545352600418E005D3B41 /* RS_XXTEA.cpp in Sources */,
				E795450925F2F598005D3B41 /* RS_EndiannessHelper.cpp in Sources */,
				E79544D325DF0953005D3B41 /* RS_FileStream_Appl.mm in Sources */,
				E785D20925C2693E0042292E /* RS_ConsoleLogger_Appl.mm in Sources */,
				E79544F525EB473C005D3B41 /* RS_TextHelper.cpp in Sources */,
				E795454A2606AA97005D3B41 /* RS_FloatPointFuncs.cpp in Sources */,
				E785D1DA25BFA8770042292E /* RS_SampleMgr.cpp in Sources */,
				E785D20D25C270D00042292E /* RS_Logger.cpp in Sources */,
				E785D1E525BFA89C0042292E /* RS_Profiling.cpp in Sources */,
			);
			runOnlyForDeploymentPostprocessing = 0;
		};
		E7A858BA25B2E1680088515D /* Sources */ = {
			isa = PBXSourcesBuildPhase;
			buildActionMask = 2147483647;
			files = (
				E7897F402695A925001893D8 /* RS_PPM_IO.cpp in Sources */,
				E785D20625C25FDF0042292E /* RS_ConsoleLogger.cpp in Sources */,
				E785D1BE25BEB9BD0042292E /* RS_ThreadHelper_Appl.mm in Sources */,
				E79544E325E4F157005D3B41 /* RS_FileWriteStream_Appl.mm in Sources */,
				E72E74DC2666352A00F4EC96 /* RS_DevThread_Appl.mm in Sources */,
				E7897F2226775AA3001893D8 /* RS_MainDevThread_Appl.mm in Sources */,
				E785D1C225BEB9CA0042292E /* RS_Time_Appl.mm in Sources */,
				E79544DF25E4F11E005D3B41 /* RS_FileReadStream_Appl.mm in Sources */,
				E7B32FBD262A5B1900B8583B /* RS_BitOperationHelper_Appl.mm in Sources */,
				E785D23725C940BD0042292E /* RS_RuntimeText.cpp in Sources */,
				E785D15F25BC0DC20042292E /* RS_RuntimeHash.cpp in Sources */,
				E7897F1A267757B3001893D8 /* RS_DevThreadDataBase.cpp in Sources */,
				E785D22825C650D00042292E /* RS_NativeFileSystem.cpp in Sources */,
				E7A858F725B6DD3D0088515D /* RS_RuntimeAssert_Appl.mm in Sources */,
				E79544F125EA428F005D3B41 /* RS_TextFileReader.cpp in Sources */,
				E785D1FB25C258110042292E /* RS_Logging.cpp in Sources */,
				E785D1E325BFA8770042292E /* RS_StatsIterator.cpp in Sources */,
				E7B32FB7262995D900B8583B /* RS_BitOperationHelper.cpp in Sources */,
				E7897F28267B4D25001893D8 /* RS_Mutex_Appl.mm in Sources */,
				E72E74E62668D52600F4EC96 /* RS_MainDevThread.cpp in Sources */,
				E795454626040B64005D3B41 /* RS_MatheFuncs.cpp in Sources */,
				E785D16B25BC0E930042292E /* murmurhash3.cpp in Sources */,
				E785D22D25C654810042292E /* RS_NativeFileSystem_Appl.mm in Sources */,
				E7897F1D267757B3001893D8 /* RS_ThreadHelper.cpp in Sources */,
				E7897F30267DEAF6001893D8 /* RS_AutoResetEvent_Appl.mm in Sources */,
				E785D16825BC0E930042292E /* xxhash.cpp in Sources */,
				E72E744D2643E73600F4EC96 /* RS_MemoryHelper_Appl.mm in Sources */,
				E79544FD25EE2BF6005D3B41 /* RS_UTF16Text.cpp in Sources */,
				E785D1FF25C258110042292E /* RS_LoggingMgr.cpp in Sources */,
				E7897F36267F4073001893D8 /* RS_ReaderWriterLock_Appl.mm in Sources */,
				E79544C925DDCE53005D3B41 /* RS_NativeFile_Appl.mm in Sources */,
				E795450F25F365D2005D3B41 /* RS_EndiannessHelper_Appl.mm in Sources */,
				E7B32FB3261C5AEA00B8583B /* RS_TextFileWriter.cpp in Sources */,
				E79545372600418E005D3B41 /* RS_XXTEA.cpp in Sources */,
				E795450B25F2F598005D3B41 /* RS_EndiannessHelper.cpp in Sources */,
				E79544D525DF0953005D3B41 /* RS_FileStream_Appl.mm in Sources */,
				E785D20B25C2693E0042292E /* RS_ConsoleLogger_Appl.mm in Sources */,
				E79544F725EB473C005D3B41 /* RS_TextHelper.cpp in Sources */,
				E795454C2606AA97005D3B41 /* RS_FloatPointFuncs.cpp in Sources */,
				E785D1DC25BFA8770042292E /* RS_SampleMgr.cpp in Sources */,
				E785D20F25C270D00042292E /* RS_Logger.cpp in Sources */,
				E785D1E725BFA89C0042292E /* RS_Profiling.cpp in Sources */,
			);
			runOnlyForDeploymentPostprocessing = 0;
		};
/* End PBXSourcesBuildPhase section */

/* Begin XCBuildConfiguration section */
		E718850025B28C4800B8266B /* Debug */ = {
			isa = XCBuildConfiguration;
			buildSettings = {
				ALWAYS_SEARCH_USER_PATHS = NO;
				CLANG_ANALYZER_NONNULL = YES;
				CLANG_ANALYZER_NUMBER_OBJECT_CONVERSION = YES_AGGRESSIVE;
				CLANG_CXX_LANGUAGE_STANDARD = "c++0x";
				CLANG_CXX_LIBRARY = "libc++";
				CLANG_ENABLE_MODULES = YES;
				CLANG_ENABLE_OBJC_ARC = YES;
				CLANG_ENABLE_OBJC_WEAK = YES;
				CLANG_WARN_BLOCK_CAPTURE_AUTORELEASING = YES;
				CLANG_WARN_BOOL_CONVERSION = YES;
				CLANG_WARN_COMMA = YES;
				CLANG_WARN_CONSTANT_CONVERSION = YES;
				CLANG_WARN_DEPRECATED_OBJC_IMPLEMENTATIONS = YES;
				CLANG_WARN_DIRECT_OBJC_ISA_USAGE = YES_ERROR;
				CLANG_WARN_DOCUMENTATION_COMMENTS = YES;
				CLANG_WARN_EMPTY_BODY = YES;
				CLANG_WARN_ENUM_CONVERSION = YES;
				CLANG_WARN_INFINITE_RECURSION = YES;
				CLANG_WARN_INT_CONVERSION = YES;
				CLANG_WARN_NON_LITERAL_NULL_CONVERSION = YES;
				CLANG_WARN_OBJC_IMPLICIT_RETAIN_SELF = YES;
				CLANG_WARN_OBJC_LITERAL_CONVERSION = YES;
				CLANG_WARN_OBJC_ROOT_CLASS = YES_ERROR;
				CLANG_WARN_RANGE_LOOP_ANALYSIS = YES;
				CLANG_WARN_STRICT_PROTOTYPES = YES;
				CLANG_WARN_SUSPICIOUS_MOVE = YES;
				CLANG_WARN_UNGUARDED_AVAILABILITY = YES_AGGRESSIVE;
				CLANG_WARN_UNREACHABLE_CODE = YES;
				CLANG_WARN__DUPLICATE_METHOD_MATCH = YES;
				CONFIGURATION_BUILD_DIR = "$(PROJECT_DIR)/../Library/$(SUPPORTED_PLATFORMS)/$(CONFIGURATION)";
				CONFIGURATION_TEMP_DIR = "$(PROJECT_DIR)/../TrashBin/$(PROJECT_NAME)/$(SUPPORTED_PLATFORMS)/$(CONFIGURATION)";
				COPY_PHASE_STRIP = NO;
				DEBUG_INFORMATION_FORMAT = dwarf;
				ENABLE_STRICT_OBJC_MSGSEND = YES;
				ENABLE_TESTABILITY = YES;
				GCC_C_LANGUAGE_STANDARD = c11;
				GCC_DYNAMIC_NO_PIC = NO;
				GCC_ENABLE_CPP_EXCEPTIONS = YES;
				GCC_ENABLE_CPP_RTTI = NO;
				GCC_NO_COMMON_BLOCKS = YES;
				GCC_OPTIMIZATION_LEVEL = 0;
				GCC_PRECOMPILE_PREFIX_HEADER = YES;
				GCC_PREFIX_HEADER = Core/PrecompiledHeader/PrecompiledH.hpp;
				GCC_PREPROCESSOR_DEFINITIONS = (
					"API_BUILD=1",
					"DEBUG=1",
					ENABLE_FAILURE_LOGGING,
					ENABLE_WARNING_LOGGING,
					ENABLE_INFO_LOGGING,
					"LOGGING_MODE=1",
					"PROFILING_MODE=1",
				);
				GCC_WARN_64_TO_32_BIT_CONVERSION = YES;
				GCC_WARN_ABOUT_RETURN_TYPE = YES_ERROR;
				GCC_WARN_UNDECLARED_SELECTOR = YES;
				GCC_WARN_UNINITIALIZED_AUTOS = YES_AGGRESSIVE;
				GCC_WARN_UNUSED_FUNCTION = YES;
				GCC_WARN_UNUSED_VARIABLE = YES;
				MACOSX_DEPLOYMENT_TARGET = 10.15;
				MTL_ENABLE_DEBUG_INFO = INCLUDE_SOURCE;
				MTL_FAST_MATH = YES;
				ONLY_ACTIVE_ARCH = YES;
				PRODUCT_NAME = "Core-$(SUPPORTED_PLATFORMS)";
				SDKROOT = macosx;
				USER_HEADER_SEARCH_PATHS = (
					"$(SRCROOT)/../Public",
					"$(SRCROOT)/../Private",
				);
			};
			name = Debug;
		};
		E718850125B28C4800B8266B /* Release */ = {
			isa = XCBuildConfiguration;
			buildSettings = {
				ALWAYS_SEARCH_USER_PATHS = NO;
				CLANG_ANALYZER_NONNULL = YES;
				CLANG_ANALYZER_NUMBER_OBJECT_CONVERSION = YES_AGGRESSIVE;
				CLANG_CXX_LANGUAGE_STANDARD = "c++0x";
				CLANG_CXX_LIBRARY = "libc++";
				CLANG_ENABLE_MODULES = YES;
				CLANG_ENABLE_OBJC_ARC = YES;
				CLANG_ENABLE_OBJC_WEAK = YES;
				CLANG_WARN_BLOCK_CAPTURE_AUTORELEASING = YES;
				CLANG_WARN_BOOL_CONVERSION = YES;
				CLANG_WARN_COMMA = YES;
				CLANG_WARN_CONSTANT_CONVERSION = YES;
				CLANG_WARN_DEPRECATED_OBJC_IMPLEMENTATIONS = YES;
				CLANG_WARN_DIRECT_OBJC_ISA_USAGE = YES_ERROR;
				CLANG_WARN_DOCUMENTATION_COMMENTS = YES;
				CLANG_WARN_EMPTY_BODY = YES;
				CLANG_WARN_ENUM_CONVERSION = YES;
				CLANG_WARN_INFINITE_RECURSION = YES;
				CLANG_WARN_INT_CONVERSION = YES;
				CLANG_WARN_NON_LITERAL_NULL_CONVERSION = YES;
				CLANG_WARN_OBJC_IMPLICIT_RETAIN_SELF = YES;
				CLANG_WARN_OBJC_LITERAL_CONVERSION = YES;
				CLANG_WARN_OBJC_ROOT_CLASS = YES_ERROR;
				CLANG_WARN_RANGE_LOOP_ANALYSIS = YES;
				CLANG_WARN_STRICT_PROTOTYPES = YES;
				CLANG_WARN_SUSPICIOUS_MOVE = YES;
				CLANG_WARN_UNGUARDED_AVAILABILITY = YES_AGGRESSIVE;
				CLANG_WARN_UNREACHABLE_CODE = YES;
				CLANG_WARN__DUPLICATE_METHOD_MATCH = YES;
				CONFIGURATION_BUILD_DIR = "$(PROJECT_DIR)/../Library/$(SUPPORTED_PLATFORMS)/$(CONFIGURATION)";
				CONFIGURATION_TEMP_DIR = "$(PROJECT_DIR)/../TrashBin/$(PROJECT_NAME)/$(SUPPORTED_PLATFORMS)/$(CONFIGURATION)";
				COPY_PHASE_STRIP = NO;
				DEBUG_INFORMATION_FORMAT = "dwarf-with-dsym";
				ENABLE_NS_ASSERTIONS = NO;
				ENABLE_STRICT_OBJC_MSGSEND = YES;
				GCC_C_LANGUAGE_STANDARD = c11;
				GCC_ENABLE_CPP_EXCEPTIONS = YES;
				GCC_ENABLE_CPP_RTTI = NO;
				GCC_NO_COMMON_BLOCKS = YES;
				GCC_PRECOMPILE_PREFIX_HEADER = YES;
				GCC_PREFIX_HEADER = Core/PrecompiledHeader/PrecompiledH.hpp;
				GCC_PREPROCESSOR_DEFINITIONS = (
					"API_BUILD=1",
					"LOGGING_MODE=1",
					"PROFILING_MODE=1",
				);
				GCC_WARN_64_TO_32_BIT_CONVERSION = YES;
				GCC_WARN_ABOUT_RETURN_TYPE = YES_ERROR;
				GCC_WARN_UNDECLARED_SELECTOR = YES;
				GCC_WARN_UNINITIALIZED_AUTOS = YES_AGGRESSIVE;
				GCC_WARN_UNUSED_FUNCTION = YES;
				GCC_WARN_UNUSED_VARIABLE = YES;
				MACOSX_DEPLOYMENT_TARGET = 10.15;
				MTL_ENABLE_DEBUG_INFO = NO;
				MTL_FAST_MATH = YES;
				PRODUCT_NAME = "Core-$(SUPPORTED_PLATFORMS)";
				SDKROOT = macosx;
				USER_HEADER_SEARCH_PATHS = (
					"$(SRCROOT)/../Public",
					"$(SRCROOT)/../Private",
				);
			};
			name = Release;
		};
		E718850325B28C4800B8266B /* Debug */ = {
			isa = XCBuildConfiguration;
			buildSettings = {
				CODE_SIGN_STYLE = Automatic;
				EXECUTABLE_PREFIX = lib;
				MACOSX_DEPLOYMENT_TARGET = 10.13;
				SKIP_INSTALL = YES;
			};
			name = Debug;
		};
		E718850425B28C4800B8266B /* Release */ = {
			isa = XCBuildConfiguration;
			buildSettings = {
				CODE_SIGN_STYLE = Automatic;
				EXECUTABLE_PREFIX = lib;
				MACOSX_DEPLOYMENT_TARGET = 10.13;
				SKIP_INSTALL = YES;
			};
			name = Release;
		};
		E718851925B2911500B8266B /* Debug */ = {
			isa = XCBuildConfiguration;
			buildSettings = {
				CODE_SIGN_STYLE = Automatic;
				IPHONEOS_DEPLOYMENT_TARGET = 11.0;
				OTHER_LDFLAGS = "-ObjC";
				SDKROOT = iphoneos;
				SKIP_INSTALL = YES;
				SUPPORTED_PLATFORMS = "iphonesimulator iphoneos";
				TARGETED_DEVICE_FAMILY = "1,2";
			};
			name = Debug;
		};
		E718851A25B2911500B8266B /* Release */ = {
			isa = XCBuildConfiguration;
			buildSettings = {
				CODE_SIGN_STYLE = Automatic;
				IPHONEOS_DEPLOYMENT_TARGET = 11.0;
				OTHER_LDFLAGS = "-ObjC";
				SDKROOT = iphoneos;
				SKIP_INSTALL = YES;
				SUPPORTED_PLATFORMS = "iphonesimulator iphoneos";
				TARGETED_DEVICE_FAMILY = "1,2";
				VALIDATE_PRODUCT = YES;
			};
			name = Release;
		};
		E7A858C425B2E1680088515D /* Debug */ = {
			isa = XCBuildConfiguration;
			buildSettings = {
				CODE_SIGN_STYLE = Automatic;
				OTHER_LDFLAGS = "-ObjC";
				SDKROOT = appletvos;
				SKIP_INSTALL = YES;
				TARGETED_DEVICE_FAMILY = 3;
				TVOS_DEPLOYMENT_TARGET = 11.0;
			};
			name = Debug;
		};
		E7A858C525B2E1680088515D /* Release */ = {
			isa = XCBuildConfiguration;
			buildSettings = {
				CODE_SIGN_STYLE = Automatic;
				OTHER_LDFLAGS = "-ObjC";
				SDKROOT = appletvos;
				SKIP_INSTALL = YES;
				TARGETED_DEVICE_FAMILY = 3;
				TVOS_DEPLOYMENT_TARGET = 11.0;
				VALIDATE_PRODUCT = YES;
			};
			name = Release;
		};
/* End XCBuildConfiguration section */

/* Begin XCConfigurationList section */
		E71884F925B28C4800B8266B /* Build configuration list for PBXProject "Core" */ = {
			isa = XCConfigurationList;
			buildConfigurations = (
				E718850025B28C4800B8266B /* Debug */,
				E718850125B28C4800B8266B /* Release */,
			);
			defaultConfigurationIsVisible = 0;
			defaultConfigurationName = Release;
		};
		E718850225B28C4800B8266B /* Build configuration list for PBXNativeTarget "Core-macOS" */ = {
			isa = XCConfigurationList;
			buildConfigurations = (
				E718850325B28C4800B8266B /* Debug */,
				E718850425B28C4800B8266B /* Release */,
			);
			defaultConfigurationIsVisible = 0;
			defaultConfigurationName = Release;
		};
		E718851825B2911500B8266B /* Build configuration list for PBXNativeTarget "Core-iOS" */ = {
			isa = XCConfigurationList;
			buildConfigurations = (
				E718851925B2911500B8266B /* Debug */,
				E718851A25B2911500B8266B /* Release */,
			);
			defaultConfigurationIsVisible = 0;
			defaultConfigurationName = Release;
		};
		E7A858C625B2E1680088515D /* Build configuration list for PBXNativeTarget "Core-tvOS" */ = {
			isa = XCConfigurationList;
			buildConfigurations = (
				E7A858C425B2E1680088515D /* Debug */,
				E7A858C525B2E1680088515D /* Release */,
			);
			defaultConfigurationIsVisible = 0;
			defaultConfigurationName = Release;
		};
/* End XCConfigurationList section */
	};
	rootObject = E71884F625B28C4800B8266B /* Project object */;
}
